// !$*UTF8*$!
{
	archiveVersion = 1;
	classes = {
	};
	objectVersion = 48;
	objects = {

/* Begin PBXBuildFile section */
		4337BC641F8521A3004CF11B /* s2d_camera.cpp in Sources */ = {isa = PBXBuildFile; fileRef = 4337BC471F852195004CF11B /* s2d_camera.cpp */; };
		4337BC651F8521A3004CF11B /* s2d_context.cpp in Sources */ = {isa = PBXBuildFile; fileRef = 4337BC4B1F852195004CF11B /* s2d_context.cpp */; };
		4337BC661F8521A3004CF11B /* s2d_file_system.mm in Sources */ = {isa = PBXBuildFile; fileRef = 4337BC4E1F852195004CF11B /* s2d_file_system.mm */; };
		4337BC671F8521A3004CF11B /* s2d_gl_util.cpp in Sources */ = {isa = PBXBuildFile; fileRef = 4337BC4F1F852195004CF11B /* s2d_gl_util.cpp */; };
		4337BC681F8521A3004CF11B /* s2d_node.cpp in Sources */ = {isa = PBXBuildFile; fileRef = 4337BC531F852196004CF11B /* s2d_node.cpp */; };
		4337BC691F8521A3004CF11B /* s2d_program.cpp in Sources */ = {isa = PBXBuildFile; fileRef = 4337BC561F852196004CF11B /* s2d_program.cpp */; };
		4337BC6A1F8521A3004CF11B /* s2d_sprite.cpp in Sources */ = {isa = PBXBuildFile; fileRef = 4337BC591F852196004CF11B /* s2d_sprite.cpp */; };
		4337BC6B1F8521A3004CF11B /* s2d_quad_renderer.cpp in Sources */ = {isa = PBXBuildFile; fileRef = 4337BC5B1F852196004CF11B /* s2d_quad_renderer.cpp */; };
		4337BC6C1F8521A3004CF11B /* s2d_texture.cpp in Sources */ = {isa = PBXBuildFile; fileRef = 4337BC5D1F852196004CF11B /* s2d_texture.cpp */; };
		4337BC6D1F8521A3004CF11B /* s2d_util.cpp in Sources */ = {isa = PBXBuildFile; fileRef = 4337BC5F1F852196004CF11B /* s2d_util.cpp */; };
		4337BC741F8521BA004CF11B /* cJSON.c in Sources */ = {isa = PBXBuildFile; fileRef = 4337BC701F8521B7004CF11B /* cJSON.c */; };
		4337BCE41F852D6A004CF11B /* s2d_camera.cpp in Sources */ = {isa = PBXBuildFile; fileRef = 4337BC471F852195004CF11B /* s2d_camera.cpp */; };
		4337BCE51F852D7B004CF11B /* s2d_context.cpp in Sources */ = {isa = PBXBuildFile; fileRef = 4337BC4B1F852195004CF11B /* s2d_context.cpp */; };
		4337BCE61F852D7B004CF11B /* s2d_file_system.mm in Sources */ = {isa = PBXBuildFile; fileRef = 4337BC4E1F852195004CF11B /* s2d_file_system.mm */; };
		4337BCE71F852D7B004CF11B /* s2d_gl_util.cpp in Sources */ = {isa = PBXBuildFile; fileRef = 4337BC4F1F852195004CF11B /* s2d_gl_util.cpp */; };
		4337BCE81F852D7B004CF11B /* s2d_node.cpp in Sources */ = {isa = PBXBuildFile; fileRef = 4337BC531F852196004CF11B /* s2d_node.cpp */; };
		4337BCE91F852D7B004CF11B /* s2d_program.cpp in Sources */ = {isa = PBXBuildFile; fileRef = 4337BC561F852196004CF11B /* s2d_program.cpp */; };
		4337BCEA1F852D7B004CF11B /* s2d_sprite.cpp in Sources */ = {isa = PBXBuildFile; fileRef = 4337BC591F852196004CF11B /* s2d_sprite.cpp */; };
		4337BCEB1F852D7B004CF11B /* s2d_quad_renderer.cpp in Sources */ = {isa = PBXBuildFile; fileRef = 4337BC5B1F852196004CF11B /* s2d_quad_renderer.cpp */; };
		4337BCEC1F852D7B004CF11B /* s2d_texture.cpp in Sources */ = {isa = PBXBuildFile; fileRef = 4337BC5D1F852196004CF11B /* s2d_texture.cpp */; };
		4337BCED1F852D7B004CF11B /* s2d_util.cpp in Sources */ = {isa = PBXBuildFile; fileRef = 4337BC5F1F852196004CF11B /* s2d_util.cpp */; };
		4337BCFA1F853F20004CF11B /* cJSON.c in Sources */ = {isa = PBXBuildFile; fileRef = 4337BC701F8521B7004CF11B /* cJSON.c */; };
		43BFCDAC1F877401007DFD82 /* s2d_touch_handler.h in Headers */ = {isa = PBXBuildFile; fileRef = 43BFCDA91F877401007DFD82 /* s2d_touch_handler.h */; };
		43BFCDAE1F877DD2007DFD82 /* s2d_touch_handler.cpp in Sources */ = {isa = PBXBuildFile; fileRef = 43BFCDAD1F877DD2007DFD82 /* s2d_touch_handler.cpp */; };
		43BFCDAF1F877DD2007DFD82 /* s2d_touch_handler.cpp in Sources */ = {isa = PBXBuildFile; fileRef = 43BFCDAD1F877DD2007DFD82 /* s2d_touch_handler.cpp */; };
		43D3266C1F8626B40070B743 /* s2d_render_texture.cpp in Sources */ = {isa = PBXBuildFile; fileRef = 43D3266A1F8626B40070B743 /* s2d_render_texture.cpp */; };
		43D3266D1F8626B40070B743 /* s2d_render_texture.h in Headers */ = {isa = PBXBuildFile; fileRef = 43D3266B1F8626B40070B743 /* s2d_render_texture.h */; };
		4D6782661FA5A8CE007D461F /* fpconv.c in Sources */ = {isa = PBXBuildFile; fileRef = 4D67825E1FA5A8CE007D461F /* fpconv.c */; };
		4D6782671FA5A8CE007D461F /* fpconv.c in Sources */ = {isa = PBXBuildFile; fileRef = 4D67825E1FA5A8CE007D461F /* fpconv.c */; };
		4D67826B1FA5A8CE007D461F /* lua_cjson.c in Sources */ = {isa = PBXBuildFile; fileRef = 4D6782611FA5A8CE007D461F /* lua_cjson.c */; };
		4D67826C1FA5A8CE007D461F /* lua_cjson.c in Sources */ = {isa = PBXBuildFile; fileRef = 4D6782611FA5A8CE007D461F /* lua_cjson.c */; };
		4D67826D1FA5A8CE007D461F /* strbuf.c in Sources */ = {isa = PBXBuildFile; fileRef = 4D6782621FA5A8CE007D461F /* strbuf.c */; };
		4D67826E1FA5A8CE007D461F /* strbuf.c in Sources */ = {isa = PBXBuildFile; fileRef = 4D6782621FA5A8CE007D461F /* strbuf.c */; };
		4D6782751FA5C0F7007D461F /* md5.c in Sources */ = {isa = PBXBuildFile; fileRef = 4D6782731FA5C0F7007D461F /* md5.c */; };
		4D6782761FA5C0F7007D461F /* md5.c in Sources */ = {isa = PBXBuildFile; fileRef = 4D6782731FA5C0F7007D461F /* md5.c */; };
		4D6782771FA5C0F7007D461F /* md5.h in Headers */ = {isa = PBXBuildFile; fileRef = 4D6782741FA5C0F7007D461F /* md5.h */; };
		4D9F49BB1FAB908200F2170E /* s2d_render_state.cpp in Sources */ = {isa = PBXBuildFile; fileRef = 4D9F49B91FAB908200F2170E /* s2d_render_state.cpp */; };
		4D9F49BC1FAB908200F2170E /* s2d_render_state.cpp in Sources */ = {isa = PBXBuildFile; fileRef = 4D9F49B91FAB908200F2170E /* s2d_render_state.cpp */; };
		4D9F49BD1FAB908200F2170E /* s2d_render_state.h in Headers */ = {isa = PBXBuildFile; fileRef = 4D9F49BA1FAB908200F2170E /* s2d_render_state.h */; };
		4DD9F7891FAB86F700B9F94F /* s2d_renderer.h in Headers */ = {isa = PBXBuildFile; fileRef = 4DD9F7861FAB86F700B9F94F /* s2d_renderer.h */; };
		B67565161F8F374F0077C2D7 /* s2d_bmfont.cpp in Sources */ = {isa = PBXBuildFile; fileRef = B67565141F8F374F0077C2D7 /* s2d_bmfont.cpp */; };
		B67565171F8F374F0077C2D7 /* s2d_bmfont.cpp in Sources */ = {isa = PBXBuildFile; fileRef = B67565141F8F374F0077C2D7 /* s2d_bmfont.cpp */; };
		B67565181F8F374F0077C2D7 /* s2d_bmfont.h in Headers */ = {isa = PBXBuildFile; fileRef = B67565151F8F374F0077C2D7 /* s2d_bmfont.h */; };
		B6FF63961F91FC1B00D7058F /* lstate.c in Sources */ = {isa = PBXBuildFile; fileRef = B6FF63811F91FC0800D7058F /* lstate.c */; };
		B6FF63971F91FC1C00D7058F /* lstate.c in Sources */ = {isa = PBXBuildFile; fileRef = B6FF63811F91FC0800D7058F /* lstate.c */; };
		B6FF63981F91FC2800D7058F /* lapi.c in Sources */ = {isa = PBXBuildFile; fileRef = B6FF635B1F91FC0700D7058F /* lapi.c */; };
		B6FF63991F91FC2800D7058F /* lauxlib.c in Sources */ = {isa = PBXBuildFile; fileRef = B6FF635D1F91FC0700D7058F /* lauxlib.c */; };
		B6FF639A1F91FC2800D7058F /* lapi.c in Sources */ = {isa = PBXBuildFile; fileRef = B6FF635B1F91FC0700D7058F /* lapi.c */; };
		B6FF639B1F91FC2800D7058F /* lauxlib.c in Sources */ = {isa = PBXBuildFile; fileRef = B6FF635D1F91FC0700D7058F /* lauxlib.c */; };
		B6FF639C1F91FC4D00D7058F /* lbaselib.c in Sources */ = {isa = PBXBuildFile; fileRef = B6FF635F1F91FC0700D7058F /* lbaselib.c */; };
		B6FF639D1F91FC4D00D7058F /* lbitlib.c in Sources */ = {isa = PBXBuildFile; fileRef = B6FF63601F91FC0700D7058F /* lbitlib.c */; };
		B6FF639E1F91FC4D00D7058F /* lcode.c in Sources */ = {isa = PBXBuildFile; fileRef = B6FF63611F91FC0700D7058F /* lcode.c */; };
		B6FF639F1F91FC4D00D7058F /* lcorolib.c in Sources */ = {isa = PBXBuildFile; fileRef = B6FF63631F91FC0700D7058F /* lcorolib.c */; };
		B6FF63A01F91FC4D00D7058F /* lctype.c in Sources */ = {isa = PBXBuildFile; fileRef = B6FF63641F91FC0700D7058F /* lctype.c */; };
		B6FF63A11F91FC4D00D7058F /* ldblib.c in Sources */ = {isa = PBXBuildFile; fileRef = B6FF63661F91FC0700D7058F /* ldblib.c */; };
		B6FF63A21F91FC4D00D7058F /* ldebug.c in Sources */ = {isa = PBXBuildFile; fileRef = B6FF63671F91FC0700D7058F /* ldebug.c */; };
		B6FF63A31F91FC4D00D7058F /* ldo.c in Sources */ = {isa = PBXBuildFile; fileRef = B6FF63691F91FC0700D7058F /* ldo.c */; };
		B6FF63A41F91FC4D00D7058F /* ldump.c in Sources */ = {isa = PBXBuildFile; fileRef = B6FF636B1F91FC0700D7058F /* ldump.c */; };
		B6FF63A51F91FC4D00D7058F /* lfunc.c in Sources */ = {isa = PBXBuildFile; fileRef = B6FF636C1F91FC0700D7058F /* lfunc.c */; };
		B6FF63A61F91FC4D00D7058F /* lgc.c in Sources */ = {isa = PBXBuildFile; fileRef = B6FF636E1F91FC0700D7058F /* lgc.c */; };
		B6FF63A71F91FC4D00D7058F /* linit.c in Sources */ = {isa = PBXBuildFile; fileRef = B6FF63701F91FC0700D7058F /* linit.c */; };
		B6FF63A81F91FC4D00D7058F /* liolib.c in Sources */ = {isa = PBXBuildFile; fileRef = B6FF63711F91FC0700D7058F /* liolib.c */; };
		B6FF63A91F91FC4D00D7058F /* llex.c in Sources */ = {isa = PBXBuildFile; fileRef = B6FF63721F91FC0700D7058F /* llex.c */; };
		B6FF63AA1F91FC4D00D7058F /* lmathlib.c in Sources */ = {isa = PBXBuildFile; fileRef = B6FF63751F91FC0700D7058F /* lmathlib.c */; };
		B6FF63AB1F91FC4D00D7058F /* lmem.c in Sources */ = {isa = PBXBuildFile; fileRef = B6FF63761F91FC0700D7058F /* lmem.c */; };
		B6FF63AC1F91FC4D00D7058F /* loadlib.c in Sources */ = {isa = PBXBuildFile; fileRef = B6FF63781F91FC0700D7058F /* loadlib.c */; };
		B6FF63AD1F91FC4D00D7058F /* lobject.c in Sources */ = {isa = PBXBuildFile; fileRef = B6FF63791F91FC0700D7058F /* lobject.c */; };
		B6FF63AE1F91FC4D00D7058F /* lopcodes.c in Sources */ = {isa = PBXBuildFile; fileRef = B6FF637B1F91FC0700D7058F /* lopcodes.c */; };
		B6FF63AF1F91FC4D00D7058F /* loslib.c in Sources */ = {isa = PBXBuildFile; fileRef = B6FF637D1F91FC0800D7058F /* loslib.c */; };
		B6FF63B01F91FC4D00D7058F /* lparser.c in Sources */ = {isa = PBXBuildFile; fileRef = B6FF637E1F91FC0800D7058F /* lparser.c */; };
		B6FF63B11F91FC4D00D7058F /* lstring.c in Sources */ = {isa = PBXBuildFile; fileRef = B6FF63831F91FC0800D7058F /* lstring.c */; };
		B6FF63B21F91FC4D00D7058F /* lstrlib.c in Sources */ = {isa = PBXBuildFile; fileRef = B6FF63851F91FC0800D7058F /* lstrlib.c */; };
		B6FF63B31F91FC4D00D7058F /* ltable.c in Sources */ = {isa = PBXBuildFile; fileRef = B6FF63861F91FC0800D7058F /* ltable.c */; };
		B6FF63B41F91FC4D00D7058F /* ltablib.c in Sources */ = {isa = PBXBuildFile; fileRef = B6FF63881F91FC0800D7058F /* ltablib.c */; };
		B6FF63B51F91FC4D00D7058F /* ltm.c in Sources */ = {isa = PBXBuildFile; fileRef = B6FF63891F91FC0800D7058F /* ltm.c */; };
		B6FF63B61F91FC4D00D7058F /* lundump.c in Sources */ = {isa = PBXBuildFile; fileRef = B6FF638F1F91FC0800D7058F /* lundump.c */; };
		B6FF63B71F91FC4D00D7058F /* lutf8lib.c in Sources */ = {isa = PBXBuildFile; fileRef = B6FF63911F91FC0800D7058F /* lutf8lib.c */; };
		B6FF63B81F91FC4D00D7058F /* lvm.c in Sources */ = {isa = PBXBuildFile; fileRef = B6FF63921F91FC0800D7058F /* lvm.c */; };
		B6FF63B91F91FC4D00D7058F /* lzio.c in Sources */ = {isa = PBXBuildFile; fileRef = B6FF63941F91FC0800D7058F /* lzio.c */; };
		B6FF63BA1F91FC4E00D7058F /* lbaselib.c in Sources */ = {isa = PBXBuildFile; fileRef = B6FF635F1F91FC0700D7058F /* lbaselib.c */; };
		B6FF63BB1F91FC4E00D7058F /* lbitlib.c in Sources */ = {isa = PBXBuildFile; fileRef = B6FF63601F91FC0700D7058F /* lbitlib.c */; };
		B6FF63BC1F91FC4E00D7058F /* lcode.c in Sources */ = {isa = PBXBuildFile; fileRef = B6FF63611F91FC0700D7058F /* lcode.c */; };
		B6FF63BD1F91FC4E00D7058F /* lcorolib.c in Sources */ = {isa = PBXBuildFile; fileRef = B6FF63631F91FC0700D7058F /* lcorolib.c */; };
		B6FF63BE1F91FC4E00D7058F /* lctype.c in Sources */ = {isa = PBXBuildFile; fileRef = B6FF63641F91FC0700D7058F /* lctype.c */; };
		B6FF63BF1F91FC4E00D7058F /* ldblib.c in Sources */ = {isa = PBXBuildFile; fileRef = B6FF63661F91FC0700D7058F /* ldblib.c */; };
		B6FF63C01F91FC4E00D7058F /* ldebug.c in Sources */ = {isa = PBXBuildFile; fileRef = B6FF63671F91FC0700D7058F /* ldebug.c */; };
		B6FF63C11F91FC4E00D7058F /* ldo.c in Sources */ = {isa = PBXBuildFile; fileRef = B6FF63691F91FC0700D7058F /* ldo.c */; };
		B6FF63C21F91FC4E00D7058F /* ldump.c in Sources */ = {isa = PBXBuildFile; fileRef = B6FF636B1F91FC0700D7058F /* ldump.c */; };
		B6FF63C31F91FC4E00D7058F /* lfunc.c in Sources */ = {isa = PBXBuildFile; fileRef = B6FF636C1F91FC0700D7058F /* lfunc.c */; };
		B6FF63C41F91FC4E00D7058F /* lgc.c in Sources */ = {isa = PBXBuildFile; fileRef = B6FF636E1F91FC0700D7058F /* lgc.c */; };
		B6FF63C51F91FC4E00D7058F /* linit.c in Sources */ = {isa = PBXBuildFile; fileRef = B6FF63701F91FC0700D7058F /* linit.c */; };
		B6FF63C61F91FC4E00D7058F /* liolib.c in Sources */ = {isa = PBXBuildFile; fileRef = B6FF63711F91FC0700D7058F /* liolib.c */; };
		B6FF63C71F91FC4E00D7058F /* llex.c in Sources */ = {isa = PBXBuildFile; fileRef = B6FF63721F91FC0700D7058F /* llex.c */; };
		B6FF63C81F91FC4E00D7058F /* lmathlib.c in Sources */ = {isa = PBXBuildFile; fileRef = B6FF63751F91FC0700D7058F /* lmathlib.c */; };
		B6FF63C91F91FC4E00D7058F /* lmem.c in Sources */ = {isa = PBXBuildFile; fileRef = B6FF63761F91FC0700D7058F /* lmem.c */; };
		B6FF63CA1F91FC4E00D7058F /* loadlib.c in Sources */ = {isa = PBXBuildFile; fileRef = B6FF63781F91FC0700D7058F /* loadlib.c */; };
		B6FF63CB1F91FC4E00D7058F /* lobject.c in Sources */ = {isa = PBXBuildFile; fileRef = B6FF63791F91FC0700D7058F /* lobject.c */; };
		B6FF63CC1F91FC4E00D7058F /* lopcodes.c in Sources */ = {isa = PBXBuildFile; fileRef = B6FF637B1F91FC0700D7058F /* lopcodes.c */; };
		B6FF63CD1F91FC4E00D7058F /* loslib.c in Sources */ = {isa = PBXBuildFile; fileRef = B6FF637D1F91FC0800D7058F /* loslib.c */; };
		B6FF63CE1F91FC4E00D7058F /* lparser.c in Sources */ = {isa = PBXBuildFile; fileRef = B6FF637E1F91FC0800D7058F /* lparser.c */; };
		B6FF63CF1F91FC4E00D7058F /* lstring.c in Sources */ = {isa = PBXBuildFile; fileRef = B6FF63831F91FC0800D7058F /* lstring.c */; };
		B6FF63D01F91FC4E00D7058F /* lstrlib.c in Sources */ = {isa = PBXBuildFile; fileRef = B6FF63851F91FC0800D7058F /* lstrlib.c */; };
		B6FF63D11F91FC4E00D7058F /* ltable.c in Sources */ = {isa = PBXBuildFile; fileRef = B6FF63861F91FC0800D7058F /* ltable.c */; };
		B6FF63D21F91FC4E00D7058F /* ltablib.c in Sources */ = {isa = PBXBuildFile; fileRef = B6FF63881F91FC0800D7058F /* ltablib.c */; };
		B6FF63D31F91FC4E00D7058F /* ltm.c in Sources */ = {isa = PBXBuildFile; fileRef = B6FF63891F91FC0800D7058F /* ltm.c */; };
		B6FF63D41F91FC4E00D7058F /* lundump.c in Sources */ = {isa = PBXBuildFile; fileRef = B6FF638F1F91FC0800D7058F /* lundump.c */; };
		B6FF63D51F91FC4E00D7058F /* lutf8lib.c in Sources */ = {isa = PBXBuildFile; fileRef = B6FF63911F91FC0800D7058F /* lutf8lib.c */; };
		B6FF63D61F91FC4E00D7058F /* lvm.c in Sources */ = {isa = PBXBuildFile; fileRef = B6FF63921F91FC0800D7058F /* lvm.c */; };
		B6FF63D71F91FC4E00D7058F /* lzio.c in Sources */ = {isa = PBXBuildFile; fileRef = B6FF63941F91FC0800D7058F /* lzio.c */; };
		B6FF63DA1F91FDFF00D7058F /* s2d_lua_context.cpp in Sources */ = {isa = PBXBuildFile; fileRef = B6FF63D81F91FD1900D7058F /* s2d_lua_context.cpp */; };
		B6FF63DB1F91FE0000D7058F /* s2d_lua_context.cpp in Sources */ = {isa = PBXBuildFile; fileRef = B6FF63D81F91FD1900D7058F /* s2d_lua_context.cpp */; };
		B6FF63DE1F92022600D7058F /* s2d_panel.cpp in Sources */ = {isa = PBXBuildFile; fileRef = B6FF63DC1F92022600D7058F /* s2d_panel.cpp */; };
		B6FF63DF1F92022600D7058F /* s2d_panel.cpp in Sources */ = {isa = PBXBuildFile; fileRef = B6FF63DC1F92022600D7058F /* s2d_panel.cpp */; };
		B6FF63E01F92022600D7058F /* s2d_panel.h in Headers */ = {isa = PBXBuildFile; fileRef = B6FF63DD1F92022600D7058F /* s2d_panel.h */; };
/* End PBXBuildFile section */

/* Begin PBXCopyFilesBuildPhase section */
		4337BC371F852151004CF11B /* CopyFiles */ = {
			isa = PBXCopyFilesBuildPhase;
			buildActionMask = 2147483647;
			dstPath = "include/$(PRODUCT_NAME)";
			dstSubfolderSpec = 16;
			files = (
			);
			runOnlyForDeploymentPostprocessing = 0;
		};
/* End PBXCopyFilesBuildPhase section */

/* Begin PBXFileReference section */
		4337BC391F852151004CF11B /* libseal2d.a */ = {isa = PBXFileReference; explicitFileType = archive.ar; includeInIndex = 0; path = libseal2d.a; sourceTree = BUILT_PRODUCTS_DIR; };
		4337BC461F852195004CF11B /* s2d.h */ = {isa = PBXFileReference; lastKnownFileType = sourcecode.c.h; path = s2d.h; sourceTree = "<group>"; };
		4337BC471F852195004CF11B /* s2d_camera.cpp */ = {isa = PBXFileReference; lastKnownFileType = sourcecode.cpp.cpp; path = s2d_camera.cpp; sourceTree = "<group>"; };
		4337BC481F852195004CF11B /* s2d_camera.h */ = {isa = PBXFileReference; lastKnownFileType = sourcecode.c.h; path = s2d_camera.h; sourceTree = "<group>"; };
		4337BC491F852195004CF11B /* s2d_common.h */ = {isa = PBXFileReference; lastKnownFileType = sourcecode.c.h; path = s2d_common.h; sourceTree = "<group>"; };
		4337BC4A1F852195004CF11B /* s2d_config.h */ = {isa = PBXFileReference; lastKnownFileType = sourcecode.c.h; path = s2d_config.h; sourceTree = "<group>"; };
		4337BC4B1F852195004CF11B /* s2d_context.cpp */ = {isa = PBXFileReference; lastKnownFileType = sourcecode.cpp.cpp; path = s2d_context.cpp; sourceTree = "<group>"; };
		4337BC4C1F852195004CF11B /* s2d_context.h */ = {isa = PBXFileReference; lastKnownFileType = sourcecode.c.h; path = s2d_context.h; sourceTree = "<group>"; };
		4337BC4D1F852195004CF11B /* s2d_file_system.h */ = {isa = PBXFileReference; lastKnownFileType = sourcecode.c.h; path = s2d_file_system.h; sourceTree = "<group>"; };
		4337BC4E1F852195004CF11B /* s2d_file_system.mm */ = {isa = PBXFileReference; lastKnownFileType = sourcecode.cpp.objcpp; path = s2d_file_system.mm; sourceTree = "<group>"; };
		4337BC4F1F852195004CF11B /* s2d_gl_util.cpp */ = {isa = PBXFileReference; lastKnownFileType = sourcecode.cpp.cpp; path = s2d_gl_util.cpp; sourceTree = "<group>"; };
		4337BC501F852195004CF11B /* s2d_gl_util.h */ = {isa = PBXFileReference; lastKnownFileType = sourcecode.c.h; path = s2d_gl_util.h; sourceTree = "<group>"; };
		4337BC511F852195004CF11B /* s2d_macro.h */ = {isa = PBXFileReference; lastKnownFileType = sourcecode.c.h; path = s2d_macro.h; sourceTree = "<group>"; };
		4337BC521F852196004CF11B /* s2d_math.h */ = {isa = PBXFileReference; lastKnownFileType = sourcecode.c.h; path = s2d_math.h; sourceTree = "<group>"; };
		4337BC531F852196004CF11B /* s2d_node.cpp */ = {isa = PBXFileReference; lastKnownFileType = sourcecode.cpp.cpp; path = s2d_node.cpp; sourceTree = "<group>"; };
		4337BC541F852196004CF11B /* s2d_node.h */ = {isa = PBXFileReference; lastKnownFileType = sourcecode.c.h; path = s2d_node.h; sourceTree = "<group>"; };
		4337BC551F852196004CF11B /* s2d_platform.h */ = {isa = PBXFileReference; lastKnownFileType = sourcecode.c.h; path = s2d_platform.h; sourceTree = "<group>"; };
		4337BC561F852196004CF11B /* s2d_program.cpp */ = {isa = PBXFileReference; lastKnownFileType = sourcecode.cpp.cpp; path = s2d_program.cpp; sourceTree = "<group>"; };
		4337BC571F852196004CF11B /* s2d_program.h */ = {isa = PBXFileReference; lastKnownFileType = sourcecode.c.h; path = s2d_program.h; sourceTree = "<group>"; };
		4337BC581F852196004CF11B /* s2d_ref_counter.h */ = {isa = PBXFileReference; lastKnownFileType = sourcecode.c.h; path = s2d_ref_counter.h; sourceTree = "<group>"; };
		4337BC591F852196004CF11B /* s2d_sprite.cpp */ = {isa = PBXFileReference; lastKnownFileType = sourcecode.cpp.cpp; path = s2d_sprite.cpp; sourceTree = "<group>"; };
		4337BC5A1F852196004CF11B /* s2d_sprite.h */ = {isa = PBXFileReference; lastKnownFileType = sourcecode.c.h; path = s2d_sprite.h; sourceTree = "<group>"; };
		4337BC5B1F852196004CF11B /* s2d_quad_renderer.cpp */ = {isa = PBXFileReference; lastKnownFileType = sourcecode.cpp.cpp; path = s2d_quad_renderer.cpp; sourceTree = "<group>"; };
		4337BC5C1F852196004CF11B /* s2d_quad_renderer.h */ = {isa = PBXFileReference; lastKnownFileType = sourcecode.c.h; path = s2d_quad_renderer.h; sourceTree = "<group>"; };
		4337BC5D1F852196004CF11B /* s2d_texture.cpp */ = {isa = PBXFileReference; lastKnownFileType = sourcecode.cpp.cpp; path = s2d_texture.cpp; sourceTree = "<group>"; };
		4337BC5E1F852196004CF11B /* s2d_texture.h */ = {isa = PBXFileReference; lastKnownFileType = sourcecode.c.h; path = s2d_texture.h; sourceTree = "<group>"; };
		4337BC5F1F852196004CF11B /* s2d_util.cpp */ = {isa = PBXFileReference; lastKnownFileType = sourcecode.cpp.cpp; path = s2d_util.cpp; sourceTree = "<group>"; };
		4337BC601F852196004CF11B /* s2d_util.h */ = {isa = PBXFileReference; lastKnownFileType = sourcecode.c.h; path = s2d_util.h; sourceTree = "<group>"; };
		4337BC701F8521B7004CF11B /* cJSON.c */ = {isa = PBXFileReference; lastKnownFileType = sourcecode.c.c; path = cJSON.c; sourceTree = "<group>"; };
		4337BC711F8521B7004CF11B /* cJSON.h */ = {isa = PBXFileReference; lastKnownFileType = sourcecode.c.h; path = cJSON.h; sourceTree = "<group>"; };
		4337BC731F8521B7004CF11B /* stb_image.h */ = {isa = PBXFileReference; lastKnownFileType = sourcecode.c.h; path = stb_image.h; sourceTree = "<group>"; };
		4337BCA21F8524B7004CF11B /* libseal2d-mac.a */ = {isa = PBXFileReference; explicitFileType = archive.ar; includeInIndex = 0; path = "libseal2d-mac.a"; sourceTree = BUILT_PRODUCTS_DIR; };
		43BFCDA91F877401007DFD82 /* s2d_touch_handler.h */ = {isa = PBXFileReference; lastKnownFileType = sourcecode.c.h; path = s2d_touch_handler.h; sourceTree = "<group>"; };
		43BFCDAD1F877DD2007DFD82 /* s2d_touch_handler.cpp */ = {isa = PBXFileReference; lastKnownFileType = sourcecode.cpp.cpp; path = s2d_touch_handler.cpp; sourceTree = "<group>"; };
		43D3266A1F8626B40070B743 /* s2d_render_texture.cpp */ = {isa = PBXFileReference; lastKnownFileType = sourcecode.cpp.cpp; path = s2d_render_texture.cpp; sourceTree = "<group>"; };
		43D3266B1F8626B40070B743 /* s2d_render_texture.h */ = {isa = PBXFileReference; lastKnownFileType = sourcecode.c.h; path = s2d_render_texture.h; sourceTree = "<group>"; };
		4D67825E1FA5A8CE007D461F /* fpconv.c */ = {isa = PBXFileReference; fileEncoding = 4; lastKnownFileType = sourcecode.c.c; path = fpconv.c; sourceTree = "<group>"; };
		4D67825F1FA5A8CE007D461F /* fpconv.h */ = {isa = PBXFileReference; fileEncoding = 4; lastKnownFileType = sourcecode.c.h; path = fpconv.h; sourceTree = "<group>"; };
		4D6782611FA5A8CE007D461F /* lua_cjson.c */ = {isa = PBXFileReference; fileEncoding = 4; lastKnownFileType = sourcecode.c.c; path = lua_cjson.c; sourceTree = "<group>"; };
		4D6782621FA5A8CE007D461F /* strbuf.c */ = {isa = PBXFileReference; fileEncoding = 4; lastKnownFileType = sourcecode.c.c; path = strbuf.c; sourceTree = "<group>"; };
		4D6782631FA5A8CE007D461F /* strbuf.h */ = {isa = PBXFileReference; fileEncoding = 4; lastKnownFileType = sourcecode.c.h; path = strbuf.h; sourceTree = "<group>"; };
		4D6782731FA5C0F7007D461F /* md5.c */ = {isa = PBXFileReference; fileEncoding = 4; lastKnownFileType = sourcecode.c.c; path = md5.c; sourceTree = "<group>"; };
		4D6782741FA5C0F7007D461F /* md5.h */ = {isa = PBXFileReference; fileEncoding = 4; lastKnownFileType = sourcecode.c.h; path = md5.h; sourceTree = "<group>"; };
		4D9F49B91FAB908200F2170E /* s2d_render_state.cpp */ = {isa = PBXFileReference; lastKnownFileType = sourcecode.cpp.cpp; path = s2d_render_state.cpp; sourceTree = "<group>"; };
		4D9F49BA1FAB908200F2170E /* s2d_render_state.h */ = {isa = PBXFileReference; lastKnownFileType = sourcecode.c.h; path = s2d_render_state.h; sourceTree = "<group>"; };
		4DD9F7861FAB86F700B9F94F /* s2d_renderer.h */ = {isa = PBXFileReference; lastKnownFileType = sourcecode.c.h; path = s2d_renderer.h; sourceTree = "<group>"; };
		B67565141F8F374F0077C2D7 /* s2d_bmfont.cpp */ = {isa = PBXFileReference; lastKnownFileType = sourcecode.cpp.cpp; path = s2d_bmfont.cpp; sourceTree = "<group>"; };
		B67565151F8F374F0077C2D7 /* s2d_bmfont.h */ = {isa = PBXFileReference; lastKnownFileType = sourcecode.c.h; path = s2d_bmfont.h; sourceTree = "<group>"; };
		B6FF635B1F91FC0700D7058F /* lapi.c */ = {isa = PBXFileReference; lastKnownFileType = sourcecode.c.c; path = lapi.c; sourceTree = "<group>"; };
		B6FF635C1F91FC0700D7058F /* lapi.h */ = {isa = PBXFileReference; lastKnownFileType = sourcecode.c.h; path = lapi.h; sourceTree = "<group>"; };
		B6FF635D1F91FC0700D7058F /* lauxlib.c */ = {isa = PBXFileReference; lastKnownFileType = sourcecode.c.c; path = lauxlib.c; sourceTree = "<group>"; };
		B6FF635E1F91FC0700D7058F /* lauxlib.h */ = {isa = PBXFileReference; lastKnownFileType = sourcecode.c.h; path = lauxlib.h; sourceTree = "<group>"; };
		B6FF635F1F91FC0700D7058F /* lbaselib.c */ = {isa = PBXFileReference; lastKnownFileType = sourcecode.c.c; path = lbaselib.c; sourceTree = "<group>"; };
		B6FF63601F91FC0700D7058F /* lbitlib.c */ = {isa = PBXFileReference; lastKnownFileType = sourcecode.c.c; path = lbitlib.c; sourceTree = "<group>"; };
		B6FF63611F91FC0700D7058F /* lcode.c */ = {isa = PBXFileReference; lastKnownFileType = sourcecode.c.c; path = lcode.c; sourceTree = "<group>"; };
		B6FF63621F91FC0700D7058F /* lcode.h */ = {isa = PBXFileReference; lastKnownFileType = sourcecode.c.h; path = lcode.h; sourceTree = "<group>"; };
		B6FF63631F91FC0700D7058F /* lcorolib.c */ = {isa = PBXFileReference; lastKnownFileType = sourcecode.c.c; path = lcorolib.c; sourceTree = "<group>"; };
		B6FF63641F91FC0700D7058F /* lctype.c */ = {isa = PBXFileReference; lastKnownFileType = sourcecode.c.c; path = lctype.c; sourceTree = "<group>"; };
		B6FF63651F91FC0700D7058F /* lctype.h */ = {isa = PBXFileReference; lastKnownFileType = sourcecode.c.h; path = lctype.h; sourceTree = "<group>"; };
		B6FF63661F91FC0700D7058F /* ldblib.c */ = {isa = PBXFileReference; lastKnownFileType = sourcecode.c.c; path = ldblib.c; sourceTree = "<group>"; };
		B6FF63671F91FC0700D7058F /* ldebug.c */ = {isa = PBXFileReference; lastKnownFileType = sourcecode.c.c; path = ldebug.c; sourceTree = "<group>"; };
		B6FF63681F91FC0700D7058F /* ldebug.h */ = {isa = PBXFileReference; lastKnownFileType = sourcecode.c.h; path = ldebug.h; sourceTree = "<group>"; };
		B6FF63691F91FC0700D7058F /* ldo.c */ = {isa = PBXFileReference; lastKnownFileType = sourcecode.c.c; path = ldo.c; sourceTree = "<group>"; };
		B6FF636A1F91FC0700D7058F /* ldo.h */ = {isa = PBXFileReference; lastKnownFileType = sourcecode.c.h; path = ldo.h; sourceTree = "<group>"; };
		B6FF636B1F91FC0700D7058F /* ldump.c */ = {isa = PBXFileReference; lastKnownFileType = sourcecode.c.c; path = ldump.c; sourceTree = "<group>"; };
		B6FF636C1F91FC0700D7058F /* lfunc.c */ = {isa = PBXFileReference; lastKnownFileType = sourcecode.c.c; path = lfunc.c; sourceTree = "<group>"; };
		B6FF636D1F91FC0700D7058F /* lfunc.h */ = {isa = PBXFileReference; lastKnownFileType = sourcecode.c.h; path = lfunc.h; sourceTree = "<group>"; };
		B6FF636E1F91FC0700D7058F /* lgc.c */ = {isa = PBXFileReference; lastKnownFileType = sourcecode.c.c; path = lgc.c; sourceTree = "<group>"; };
		B6FF636F1F91FC0700D7058F /* lgc.h */ = {isa = PBXFileReference; lastKnownFileType = sourcecode.c.h; path = lgc.h; sourceTree = "<group>"; };
		B6FF63701F91FC0700D7058F /* linit.c */ = {isa = PBXFileReference; lastKnownFileType = sourcecode.c.c; path = linit.c; sourceTree = "<group>"; };
		B6FF63711F91FC0700D7058F /* liolib.c */ = {isa = PBXFileReference; lastKnownFileType = sourcecode.c.c; path = liolib.c; sourceTree = "<group>"; };
		B6FF63721F91FC0700D7058F /* llex.c */ = {isa = PBXFileReference; lastKnownFileType = sourcecode.c.c; path = llex.c; sourceTree = "<group>"; };
		B6FF63731F91FC0700D7058F /* llex.h */ = {isa = PBXFileReference; lastKnownFileType = sourcecode.c.h; path = llex.h; sourceTree = "<group>"; };
		B6FF63741F91FC0700D7058F /* llimits.h */ = {isa = PBXFileReference; lastKnownFileType = sourcecode.c.h; path = llimits.h; sourceTree = "<group>"; };
		B6FF63751F91FC0700D7058F /* lmathlib.c */ = {isa = PBXFileReference; lastKnownFileType = sourcecode.c.c; path = lmathlib.c; sourceTree = "<group>"; };
		B6FF63761F91FC0700D7058F /* lmem.c */ = {isa = PBXFileReference; lastKnownFileType = sourcecode.c.c; path = lmem.c; sourceTree = "<group>"; };
		B6FF63771F91FC0700D7058F /* lmem.h */ = {isa = PBXFileReference; lastKnownFileType = sourcecode.c.h; path = lmem.h; sourceTree = "<group>"; };
		B6FF63781F91FC0700D7058F /* loadlib.c */ = {isa = PBXFileReference; lastKnownFileType = sourcecode.c.c; path = loadlib.c; sourceTree = "<group>"; };
		B6FF63791F91FC0700D7058F /* lobject.c */ = {isa = PBXFileReference; lastKnownFileType = sourcecode.c.c; path = lobject.c; sourceTree = "<group>"; };
		B6FF637A1F91FC0700D7058F /* lobject.h */ = {isa = PBXFileReference; lastKnownFileType = sourcecode.c.h; path = lobject.h; sourceTree = "<group>"; };
		B6FF637B1F91FC0700D7058F /* lopcodes.c */ = {isa = PBXFileReference; lastKnownFileType = sourcecode.c.c; path = lopcodes.c; sourceTree = "<group>"; };
		B6FF637C1F91FC0800D7058F /* lopcodes.h */ = {isa = PBXFileReference; lastKnownFileType = sourcecode.c.h; path = lopcodes.h; sourceTree = "<group>"; };
		B6FF637D1F91FC0800D7058F /* loslib.c */ = {isa = PBXFileReference; lastKnownFileType = sourcecode.c.c; path = loslib.c; sourceTree = "<group>"; };
		B6FF637E1F91FC0800D7058F /* lparser.c */ = {isa = PBXFileReference; lastKnownFileType = sourcecode.c.c; path = lparser.c; sourceTree = "<group>"; };
		B6FF637F1F91FC0800D7058F /* lparser.h */ = {isa = PBXFileReference; lastKnownFileType = sourcecode.c.h; path = lparser.h; sourceTree = "<group>"; };
		B6FF63801F91FC0800D7058F /* lprefix.h */ = {isa = PBXFileReference; lastKnownFileType = sourcecode.c.h; path = lprefix.h; sourceTree = "<group>"; };
		B6FF63811F91FC0800D7058F /* lstate.c */ = {isa = PBXFileReference; lastKnownFileType = sourcecode.c.c; path = lstate.c; sourceTree = "<group>"; };
		B6FF63821F91FC0800D7058F /* lstate.h */ = {isa = PBXFileReference; lastKnownFileType = sourcecode.c.h; path = lstate.h; sourceTree = "<group>"; };
		B6FF63831F91FC0800D7058F /* lstring.c */ = {isa = PBXFileReference; lastKnownFileType = sourcecode.c.c; path = lstring.c; sourceTree = "<group>"; };
		B6FF63841F91FC0800D7058F /* lstring.h */ = {isa = PBXFileReference; lastKnownFileType = sourcecode.c.h; path = lstring.h; sourceTree = "<group>"; };
		B6FF63851F91FC0800D7058F /* lstrlib.c */ = {isa = PBXFileReference; lastKnownFileType = sourcecode.c.c; path = lstrlib.c; sourceTree = "<group>"; };
		B6FF63861F91FC0800D7058F /* ltable.c */ = {isa = PBXFileReference; lastKnownFileType = sourcecode.c.c; path = ltable.c; sourceTree = "<group>"; };
		B6FF63871F91FC0800D7058F /* ltable.h */ = {isa = PBXFileReference; lastKnownFileType = sourcecode.c.h; path = ltable.h; sourceTree = "<group>"; };
		B6FF63881F91FC0800D7058F /* ltablib.c */ = {isa = PBXFileReference; lastKnownFileType = sourcecode.c.c; path = ltablib.c; sourceTree = "<group>"; };
		B6FF63891F91FC0800D7058F /* ltm.c */ = {isa = PBXFileReference; lastKnownFileType = sourcecode.c.c; path = ltm.c; sourceTree = "<group>"; };
		B6FF638A1F91FC0800D7058F /* ltm.h */ = {isa = PBXFileReference; lastKnownFileType = sourcecode.c.h; path = ltm.h; sourceTree = "<group>"; };
		B6FF638B1F91FC0800D7058F /* lua.h */ = {isa = PBXFileReference; lastKnownFileType = sourcecode.c.h; path = lua.h; sourceTree = "<group>"; };
		B6FF638C1F91FC0800D7058F /* lua.hpp */ = {isa = PBXFileReference; lastKnownFileType = sourcecode.cpp.h; path = lua.hpp; sourceTree = "<group>"; };
		B6FF638D1F91FC0800D7058F /* luaconf.h */ = {isa = PBXFileReference; lastKnownFileType = sourcecode.c.h; path = luaconf.h; sourceTree = "<group>"; };
		B6FF638E1F91FC0800D7058F /* lualib.h */ = {isa = PBXFileReference; lastKnownFileType = sourcecode.c.h; path = lualib.h; sourceTree = "<group>"; };
		B6FF638F1F91FC0800D7058F /* lundump.c */ = {isa = PBXFileReference; lastKnownFileType = sourcecode.c.c; path = lundump.c; sourceTree = "<group>"; };
		B6FF63901F91FC0800D7058F /* lundump.h */ = {isa = PBXFileReference; lastKnownFileType = sourcecode.c.h; path = lundump.h; sourceTree = "<group>"; };
		B6FF63911F91FC0800D7058F /* lutf8lib.c */ = {isa = PBXFileReference; lastKnownFileType = sourcecode.c.c; path = lutf8lib.c; sourceTree = "<group>"; };
		B6FF63921F91FC0800D7058F /* lvm.c */ = {isa = PBXFileReference; lastKnownFileType = sourcecode.c.c; path = lvm.c; sourceTree = "<group>"; };
		B6FF63931F91FC0800D7058F /* lvm.h */ = {isa = PBXFileReference; lastKnownFileType = sourcecode.c.h; path = lvm.h; sourceTree = "<group>"; };
		B6FF63941F91FC0800D7058F /* lzio.c */ = {isa = PBXFileReference; lastKnownFileType = sourcecode.c.c; path = lzio.c; sourceTree = "<group>"; };
		B6FF63951F91FC0800D7058F /* lzio.h */ = {isa = PBXFileReference; lastKnownFileType = sourcecode.c.h; path = lzio.h; sourceTree = "<group>"; };
		B6FF63D81F91FD1900D7058F /* s2d_lua_context.cpp */ = {isa = PBXFileReference; lastKnownFileType = sourcecode.cpp.cpp; path = s2d_lua_context.cpp; sourceTree = "<group>"; };
		B6FF63D91F91FD1900D7058F /* s2d_lua_context.h */ = {isa = PBXFileReference; lastKnownFileType = sourcecode.c.h; path = s2d_lua_context.h; sourceTree = "<group>"; };
		B6FF63DC1F92022600D7058F /* s2d_panel.cpp */ = {isa = PBXFileReference; lastKnownFileType = sourcecode.cpp.cpp; path = s2d_panel.cpp; sourceTree = "<group>"; };
		B6FF63DD1F92022600D7058F /* s2d_panel.h */ = {isa = PBXFileReference; lastKnownFileType = sourcecode.c.h; path = s2d_panel.h; sourceTree = "<group>"; };
/* End PBXFileReference section */

/* Begin PBXFrameworksBuildPhase section */
		4337BC361F852151004CF11B /* Frameworks */ = {
			isa = PBXFrameworksBuildPhase;
			buildActionMask = 2147483647;
			files = (
			);
			runOnlyForDeploymentPostprocessing = 0;
		};
		4337BC9F1F8524B7004CF11B /* Frameworks */ = {
			isa = PBXFrameworksBuildPhase;
			buildActionMask = 2147483647;
			files = (
			);
			runOnlyForDeploymentPostprocessing = 0;
		};
/* End PBXFrameworksBuildPhase section */

/* Begin PBXGroup section */
		4337BC2E1F852122004CF11B = {
			isa = PBXGroup;
			children = (
				B6FF63591F91FC0700D7058F /* lua-libs */,
				4337BC6E1F8521B7004CF11B /* libs */,
				4337BC451F852195004CF11B /* src */,
				4337BC3A1F852151004CF11B /* Products */,
			);
			sourceTree = "<group>";
		};
		4337BC3A1F852151004CF11B /* Products */ = {
			isa = PBXGroup;
			children = (
				4337BC391F852151004CF11B /* libseal2d.a */,
				4337BCA21F8524B7004CF11B /* libseal2d-mac.a */,
			);
			name = Products;
			sourceTree = "<group>";
		};
		4337BC451F852195004CF11B /* src */ = {
			isa = PBXGroup;
			children = (
				B6FF63581F91FB2200D7058F /* script */,
				43D326691F8626830070B743 /* base */,
				43D326681F86266C0070B743 /* misc */,
				43D326671F8626580070B743 /* renderer */,
				43D326661F8626410070B743 /* game_objects */,
				4337BC461F852195004CF11B /* s2d.h */,
				4337BC4A1F852195004CF11B /* s2d_config.h */,
				4337BC4B1F852195004CF11B /* s2d_context.cpp */,
				4337BC4C1F852195004CF11B /* s2d_context.h */,
			);
			name = src;
			sourceTree = "<group>";
		};
		4337BC6E1F8521B7004CF11B /* libs */ = {
			isa = PBXGroup;
			children = (
				4D6782721FA5C0F7007D461F /* md5 */,
				4337BC6F1F8521B7004CF11B /* cJSON */,
				4337BC721F8521B7004CF11B /* stb_image */,
			);
			name = libs;
			path = ../libs;
			sourceTree = "<group>";
		};
		4337BC6F1F8521B7004CF11B /* cJSON */ = {
			isa = PBXGroup;
			children = (
				4337BC701F8521B7004CF11B /* cJSON.c */,
				4337BC711F8521B7004CF11B /* cJSON.h */,
			);
			path = cJSON;
			sourceTree = "<group>";
		};
		4337BC721F8521B7004CF11B /* stb_image */ = {
			isa = PBXGroup;
			children = (
				4337BC731F8521B7004CF11B /* stb_image.h */,
			);
			path = stb_image;
			sourceTree = "<group>";
		};
		43D326661F8626410070B743 /* game_objects */ = {
			isa = PBXGroup;
			children = (
				4337BC531F852196004CF11B /* s2d_node.cpp */,
				4337BC541F852196004CF11B /* s2d_node.h */,
				4337BC591F852196004CF11B /* s2d_sprite.cpp */,
				4337BC5A1F852196004CF11B /* s2d_sprite.h */,
				B6FF63DC1F92022600D7058F /* s2d_panel.cpp */,
				B6FF63DD1F92022600D7058F /* s2d_panel.h */,
				B67565141F8F374F0077C2D7 /* s2d_bmfont.cpp */,
				B67565151F8F374F0077C2D7 /* s2d_bmfont.h */,
				4337BC471F852195004CF11B /* s2d_camera.cpp */,
				4337BC481F852195004CF11B /* s2d_camera.h */,
			);
			name = game_objects;
			sourceTree = "<group>";
		};
		43D326671F8626580070B743 /* renderer */ = {
			isa = PBXGroup;
			children = (
				4337BC561F852196004CF11B /* s2d_program.cpp */,
				4337BC571F852196004CF11B /* s2d_program.h */,
				4337BC5D1F852196004CF11B /* s2d_texture.cpp */,
				4337BC5E1F852196004CF11B /* s2d_texture.h */,
				43D3266A1F8626B40070B743 /* s2d_render_texture.cpp */,
				43D3266B1F8626B40070B743 /* s2d_render_texture.h */,
				4337BC5B1F852196004CF11B /* s2d_quad_renderer.cpp */,
				4337BC5C1F852196004CF11B /* s2d_quad_renderer.h */,
				4DD9F7861FAB86F700B9F94F /* s2d_renderer.h */,
				4D9F49B91FAB908200F2170E /* s2d_render_state.cpp */,
				4D9F49BA1FAB908200F2170E /* s2d_render_state.h */,
			);
			name = renderer;
			sourceTree = "<group>";
		};
		43D326681F86266C0070B743 /* misc */ = {
			isa = PBXGroup;
			children = (
				4337BC4D1F852195004CF11B /* s2d_file_system.h */,
				4337BC4E1F852195004CF11B /* s2d_file_system.mm */,
				4337BC551F852196004CF11B /* s2d_platform.h */,
				4337BC4F1F852195004CF11B /* s2d_gl_util.cpp */,
				4337BC501F852195004CF11B /* s2d_gl_util.h */,
				4337BC5F1F852196004CF11B /* s2d_util.cpp */,
				4337BC601F852196004CF11B /* s2d_util.h */,
				43BFCDA91F877401007DFD82 /* s2d_touch_handler.h */,
				43BFCDAD1F877DD2007DFD82 /* s2d_touch_handler.cpp */,
			);
			name = misc;
			sourceTree = "<group>";
		};
		43D326691F8626830070B743 /* base */ = {
			isa = PBXGroup;
			children = (
				4337BC491F852195004CF11B /* s2d_common.h */,
				4337BC511F852195004CF11B /* s2d_macro.h */,
				4337BC521F852196004CF11B /* s2d_math.h */,
				4337BC581F852196004CF11B /* s2d_ref_counter.h */,
			);
			name = base;
			sourceTree = "<group>";
		};
		4D67825C1FA5A8CE007D461F /* lua-cjson */ = {
			isa = PBXGroup;
			children = (
				4D67825E1FA5A8CE007D461F /* fpconv.c */,
				4D67825F1FA5A8CE007D461F /* fpconv.h */,
				4D6782611FA5A8CE007D461F /* lua_cjson.c */,
				4D6782621FA5A8CE007D461F /* strbuf.c */,
				4D6782631FA5A8CE007D461F /* strbuf.h */,
			);
			path = "lua-cjson";
			sourceTree = "<group>";
		};
		4D6782721FA5C0F7007D461F /* md5 */ = {
			isa = PBXGroup;
			children = (
				4D6782731FA5C0F7007D461F /* md5.c */,
				4D6782741FA5C0F7007D461F /* md5.h */,
			);
			path = md5;
			sourceTree = "<group>";
		};
		B6FF63581F91FB2200D7058F /* script */ = {
			isa = PBXGroup;
			children = (
				B6FF63D81F91FD1900D7058F /* s2d_lua_context.cpp */,
				B6FF63D91F91FD1900D7058F /* s2d_lua_context.h */,
			);
			name = script;
			sourceTree = "<group>";
		};
		B6FF63591F91FC0700D7058F /* lua-libs */ = {
			isa = PBXGroup;
			children = (
				4D67825C1FA5A8CE007D461F /* lua-cjson */,
				B6FF635A1F91FC0700D7058F /* lua-5.3.4 */,
			);
			name = "lua-libs";
			path = "../lua-libs";
			sourceTree = "<group>";
		};
		B6FF635A1F91FC0700D7058F /* lua-5.3.4 */ = {
			isa = PBXGroup;
			children = (
				B6FF635B1F91FC0700D7058F /* lapi.c */,
				B6FF635C1F91FC0700D7058F /* lapi.h */,
				B6FF635D1F91FC0700D7058F /* lauxlib.c */,
				B6FF635E1F91FC0700D7058F /* lauxlib.h */,
				B6FF635F1F91FC0700D7058F /* lbaselib.c */,
				B6FF63601F91FC0700D7058F /* lbitlib.c */,
				B6FF63611F91FC0700D7058F /* lcode.c */,
				B6FF63621F91FC0700D7058F /* lcode.h */,
				B6FF63631F91FC0700D7058F /* lcorolib.c */,
				B6FF63641F91FC0700D7058F /* lctype.c */,
				B6FF63651F91FC0700D7058F /* lctype.h */,
				B6FF63661F91FC0700D7058F /* ldblib.c */,
				B6FF63671F91FC0700D7058F /* ldebug.c */,
				B6FF63681F91FC0700D7058F /* ldebug.h */,
				B6FF63691F91FC0700D7058F /* ldo.c */,
				B6FF636A1F91FC0700D7058F /* ldo.h */,
				B6FF636B1F91FC0700D7058F /* ldump.c */,
				B6FF636C1F91FC0700D7058F /* lfunc.c */,
				B6FF636D1F91FC0700D7058F /* lfunc.h */,
				B6FF636E1F91FC0700D7058F /* lgc.c */,
				B6FF636F1F91FC0700D7058F /* lgc.h */,
				B6FF63701F91FC0700D7058F /* linit.c */,
				B6FF63711F91FC0700D7058F /* liolib.c */,
				B6FF63721F91FC0700D7058F /* llex.c */,
				B6FF63731F91FC0700D7058F /* llex.h */,
				B6FF63741F91FC0700D7058F /* llimits.h */,
				B6FF63751F91FC0700D7058F /* lmathlib.c */,
				B6FF63761F91FC0700D7058F /* lmem.c */,
				B6FF63771F91FC0700D7058F /* lmem.h */,
				B6FF63781F91FC0700D7058F /* loadlib.c */,
				B6FF63791F91FC0700D7058F /* lobject.c */,
				B6FF637A1F91FC0700D7058F /* lobject.h */,
				B6FF637B1F91FC0700D7058F /* lopcodes.c */,
				B6FF637C1F91FC0800D7058F /* lopcodes.h */,
				B6FF637D1F91FC0800D7058F /* loslib.c */,
				B6FF637E1F91FC0800D7058F /* lparser.c */,
				B6FF637F1F91FC0800D7058F /* lparser.h */,
				B6FF63801F91FC0800D7058F /* lprefix.h */,
				B6FF63811F91FC0800D7058F /* lstate.c */,
				B6FF63821F91FC0800D7058F /* lstate.h */,
				B6FF63831F91FC0800D7058F /* lstring.c */,
				B6FF63841F91FC0800D7058F /* lstring.h */,
				B6FF63851F91FC0800D7058F /* lstrlib.c */,
				B6FF63861F91FC0800D7058F /* ltable.c */,
				B6FF63871F91FC0800D7058F /* ltable.h */,
				B6FF63881F91FC0800D7058F /* ltablib.c */,
				B6FF63891F91FC0800D7058F /* ltm.c */,
				B6FF638A1F91FC0800D7058F /* ltm.h */,
				B6FF638B1F91FC0800D7058F /* lua.h */,
				B6FF638C1F91FC0800D7058F /* lua.hpp */,
				B6FF638D1F91FC0800D7058F /* luaconf.h */,
				B6FF638E1F91FC0800D7058F /* lualib.h */,
				B6FF638F1F91FC0800D7058F /* lundump.c */,
				B6FF63901F91FC0800D7058F /* lundump.h */,
				B6FF63911F91FC0800D7058F /* lutf8lib.c */,
				B6FF63921F91FC0800D7058F /* lvm.c */,
				B6FF63931F91FC0800D7058F /* lvm.h */,
				B6FF63941F91FC0800D7058F /* lzio.c */,
				B6FF63951F91FC0800D7058F /* lzio.h */,
			);
			path = "lua-5.3.4";
			sourceTree = "<group>";
		};
/* End PBXGroup section */

/* Begin PBXHeadersBuildPhase section */
		4337BCA01F8524B7004CF11B /* Headers */ = {
			isa = PBXHeadersBuildPhase;
			buildActionMask = 2147483647;
			files = (
				B6FF63E01F92022600D7058F /* s2d_panel.h in Headers */,
				4D9F49BD1FAB908200F2170E /* s2d_render_state.h in Headers */,
				4D6782771FA5C0F7007D461F /* md5.h in Headers */,
				B67565181F8F374F0077C2D7 /* s2d_bmfont.h in Headers */,
				4DD9F7891FAB86F700B9F94F /* s2d_renderer.h in Headers */,
				43D3266D1F8626B40070B743 /* s2d_render_texture.h in Headers */,
				43BFCDAC1F877401007DFD82 /* s2d_touch_handler.h in Headers */,
			);
			runOnlyForDeploymentPostprocessing = 0;
		};
/* End PBXHeadersBuildPhase section */

/* Begin PBXNativeTarget section */
		4337BC381F852151004CF11B /* seal2d */ = {
			isa = PBXNativeTarget;
			buildConfigurationList = 4337BC421F852151004CF11B /* Build configuration list for PBXNativeTarget "seal2d" */;
			buildPhases = (
				4337BC351F852151004CF11B /* Sources */,
				4337BC361F852151004CF11B /* Frameworks */,
				4337BC371F852151004CF11B /* CopyFiles */,
			);
			buildRules = (
			);
			dependencies = (
			);
			name = seal2d;
			productName = "seal2d-mobile";
			productReference = 4337BC391F852151004CF11B /* libseal2d.a */;
			productType = "com.apple.product-type.library.static";
		};
		4337BCA11F8524B7004CF11B /* seal2d-mac */ = {
			isa = PBXNativeTarget;
			buildConfigurationList = 4337BCAC1F8524B7004CF11B /* Build configuration list for PBXNativeTarget "seal2d-mac" */;
			buildPhases = (
				4337BC9E1F8524B7004CF11B /* Sources */,
				4337BC9F1F8524B7004CF11B /* Frameworks */,
				4337BCA01F8524B7004CF11B /* Headers */,
			);
			buildRules = (
			);
			dependencies = (
			);
			name = "seal2d-mac";
			productName = "seal2d-mac";
			productReference = 4337BCA21F8524B7004CF11B /* libseal2d-mac.a */;
			productType = "com.apple.product-type.library.static";
		};
/* End PBXNativeTarget section */

/* Begin PBXProject section */
		4337BC2F1F852122004CF11B /* Project object */ = {
			isa = PBXProject;
			attributes = {
				LastUpgradeCheck = 0900;
				TargetAttributes = {
					4337BC381F852151004CF11B = {
						CreatedOnToolsVersion = 9.0;
						ProvisioningStyle = Automatic;
					};
					4337BCA11F8524B7004CF11B = {
						CreatedOnToolsVersion = 9.0;
						ProvisioningStyle = Automatic;
					};
				};
			};
			buildConfigurationList = 4337BC321F852122004CF11B /* Build configuration list for PBXProject "seal2d" */;
			compatibilityVersion = "Xcode 8.0";
			developmentRegion = en;
			hasScannedForEncodings = 0;
			knownRegions = (
				en,
			);
			mainGroup = 4337BC2E1F852122004CF11B;
			productRefGroup = 4337BC3A1F852151004CF11B /* Products */;
			projectDirPath = "";
			projectRoot = "";
			targets = (
				4337BC381F852151004CF11B /* seal2d */,
				4337BCA11F8524B7004CF11B /* seal2d-mac */,
			);
		};
/* End PBXProject section */

/* Begin PBXSourcesBuildPhase section */
		4337BC351F852151004CF11B /* Sources */ = {
			isa = PBXSourcesBuildPhase;
			buildActionMask = 2147483647;
			files = (
				B6FF63C71F91FC4E00D7058F /* llex.c in Sources */,
				B6FF63C31F91FC4E00D7058F /* lfunc.c in Sources */,
				B6FF63C91F91FC4E00D7058F /* lmem.c in Sources */,
				B6FF63971F91FC1C00D7058F /* lstate.c in Sources */,
				B6FF63C61F91FC4E00D7058F /* liolib.c in Sources */,
				B6FF63CB1F91FC4E00D7058F /* lobject.c in Sources */,
				4337BC671F8521A3004CF11B /* s2d_gl_util.cpp in Sources */,
				B6FF63BB1F91FC4E00D7058F /* lbitlib.c in Sources */,
				B6FF63D41F91FC4E00D7058F /* lundump.c in Sources */,
				4337BC661F8521A3004CF11B /* s2d_file_system.mm in Sources */,
				B67565161F8F374F0077C2D7 /* s2d_bmfont.cpp in Sources */,
				B6FF63C41F91FC4E00D7058F /* lgc.c in Sources */,
				B6FF63D61F91FC4E00D7058F /* lvm.c in Sources */,
				4337BC6A1F8521A3004CF11B /* s2d_sprite.cpp in Sources */,
				B6FF63CC1F91FC4E00D7058F /* lopcodes.c in Sources */,
				4337BC6D1F8521A3004CF11B /* s2d_util.cpp in Sources */,
				B6FF63BE1F91FC4E00D7058F /* lctype.c in Sources */,
				B6FF63D31F91FC4E00D7058F /* ltm.c in Sources */,
				4337BC691F8521A3004CF11B /* s2d_program.cpp in Sources */,
				B6FF63D21F91FC4E00D7058F /* ltablib.c in Sources */,
				4D6782751FA5C0F7007D461F /* md5.c in Sources */,
				B6FF63D01F91FC4E00D7058F /* lstrlib.c in Sources */,
				B6FF63C81F91FC4E00D7058F /* lmathlib.c in Sources */,
				4D9F49BB1FAB908200F2170E /* s2d_render_state.cpp in Sources */,
				B6FF63C01F91FC4E00D7058F /* ldebug.c in Sources */,
				B6FF63DE1F92022600D7058F /* s2d_panel.cpp in Sources */,
				B6FF63CE1F91FC4E00D7058F /* lparser.c in Sources */,
				B6FF63CD1F91FC4E00D7058F /* loslib.c in Sources */,
				B6FF63D11F91FC4E00D7058F /* ltable.c in Sources */,
				B6FF63CA1F91FC4E00D7058F /* loadlib.c in Sources */,
				4D6782661FA5A8CE007D461F /* fpconv.c in Sources */,
				4D67826D1FA5A8CE007D461F /* strbuf.c in Sources */,
				4337BC6C1F8521A3004CF11B /* s2d_texture.cpp in Sources */,
				B6FF63BA1F91FC4E00D7058F /* lbaselib.c in Sources */,
				B6FF63BC1F91FC4E00D7058F /* lcode.c in Sources */,
				4337BC641F8521A3004CF11B /* s2d_camera.cpp in Sources */,
				B6FF63CF1F91FC4E00D7058F /* lstring.c in Sources */,
				4337BC741F8521BA004CF11B /* cJSON.c in Sources */,
				B6FF63D71F91FC4E00D7058F /* lzio.c in Sources */,
				B6FF63C21F91FC4E00D7058F /* ldump.c in Sources */,
				B6FF63BD1F91FC4E00D7058F /* lcorolib.c in Sources */,
				B6FF639A1F91FC2800D7058F /* lapi.c in Sources */,
				B6FF639B1F91FC2800D7058F /* lauxlib.c in Sources */,
				4337BC6B1F8521A3004CF11B /* s2d_quad_renderer.cpp in Sources */,
				B6FF63D51F91FC4E00D7058F /* lutf8lib.c in Sources */,
				B6FF63BF1F91FC4E00D7058F /* ldblib.c in Sources */,
				4337BC651F8521A3004CF11B /* s2d_context.cpp in Sources */,
				4D67826B1FA5A8CE007D461F /* lua_cjson.c in Sources */,
				B6FF63DA1F91FDFF00D7058F /* s2d_lua_context.cpp in Sources */,
				B6FF63C51F91FC4E00D7058F /* linit.c in Sources */,
				B6FF63C11F91FC4E00D7058F /* ldo.c in Sources */,
				43BFCDAE1F877DD2007DFD82 /* s2d_touch_handler.cpp in Sources */,
				4337BC681F8521A3004CF11B /* s2d_node.cpp in Sources */,
			);
			runOnlyForDeploymentPostprocessing = 0;
		};
		4337BC9E1F8524B7004CF11B /* Sources */ = {
			isa = PBXSourcesBuildPhase;
			buildActionMask = 2147483647;
			files = (
				B6FF63A51F91FC4D00D7058F /* lfunc.c in Sources */,
				B6FF639F1F91FC4D00D7058F /* lcorolib.c in Sources */,
				B6FF63A11F91FC4D00D7058F /* ldblib.c in Sources */,
				B6FF63DB1F91FE0000D7058F /* s2d_lua_context.cpp in Sources */,
				B6FF63B31F91FC4D00D7058F /* ltable.c in Sources */,
				4337BCE71F852D7B004CF11B /* s2d_gl_util.cpp in Sources */,
				4D67826C1FA5A8CE007D461F /* lua_cjson.c in Sources */,
				4337BCE61F852D7B004CF11B /* s2d_file_system.mm in Sources */,
				B6FF63A21F91FC4D00D7058F /* ldebug.c in Sources */,
				4337BCEA1F852D7B004CF11B /* s2d_sprite.cpp in Sources */,
				B6FF63B11F91FC4D00D7058F /* lstring.c in Sources */,
				B6FF63B81F91FC4D00D7058F /* lvm.c in Sources */,
				4337BCED1F852D7B004CF11B /* s2d_util.cpp in Sources */,
				B6FF63AD1F91FC4D00D7058F /* lobject.c in Sources */,
				B6FF63AA1F91FC4D00D7058F /* lmathlib.c in Sources */,
				B6FF639D1F91FC4D00D7058F /* lbitlib.c in Sources */,
				B6FF63B71F91FC4D00D7058F /* lutf8lib.c in Sources */,
				4337BCE91F852D7B004CF11B /* s2d_program.cpp in Sources */,
				4337BCEC1F852D7B004CF11B /* s2d_texture.cpp in Sources */,
				4D6782671FA5A8CE007D461F /* fpconv.c in Sources */,
				B6FF63B61F91FC4D00D7058F /* lundump.c in Sources */,
				4337BCE41F852D6A004CF11B /* s2d_camera.cpp in Sources */,
				B6FF63DF1F92022600D7058F /* s2d_panel.cpp in Sources */,
				43BFCDAF1F877DD2007DFD82 /* s2d_touch_handler.cpp in Sources */,
				B6FF63A01F91FC4D00D7058F /* lctype.c in Sources */,
				4337BCFA1F853F20004CF11B /* cJSON.c in Sources */,
				4D9F49BC1FAB908200F2170E /* s2d_render_state.cpp in Sources */,
				4337BCEB1F852D7B004CF11B /* s2d_quad_renderer.cpp in Sources */,
				B6FF63A91F91FC4D00D7058F /* llex.c in Sources */,
				4337BCE51F852D7B004CF11B /* s2d_context.cpp in Sources */,
				B6FF63A71F91FC4D00D7058F /* linit.c in Sources */,
				B6FF63B21F91FC4D00D7058F /* lstrlib.c in Sources */,
				4337BCE81F852D7B004CF11B /* s2d_node.cpp in Sources */,
				B6FF63991F91FC2800D7058F /* lauxlib.c in Sources */,
				43D3266C1F8626B40070B743 /* s2d_render_texture.cpp in Sources */,
				B6FF63A61F91FC4D00D7058F /* lgc.c in Sources */,
				B6FF63B01F91FC4D00D7058F /* lparser.c in Sources */,
				B6FF63A31F91FC4D00D7058F /* ldo.c in Sources */,
				B6FF63AC1F91FC4D00D7058F /* loadlib.c in Sources */,
				B6FF63AB1F91FC4D00D7058F /* lmem.c in Sources */,
				4D6782761FA5C0F7007D461F /* md5.c in Sources */,
				B6FF63B51F91FC4D00D7058F /* ltm.c in Sources */,
				B6FF63AE1F91FC4D00D7058F /* lopcodes.c in Sources */,
				B6FF63A41F91FC4D00D7058F /* ldump.c in Sources */,
				B6FF63B41F91FC4D00D7058F /* ltablib.c in Sources */,
				B6FF63B91F91FC4D00D7058F /* lzio.c in Sources */,
				B6FF63A81F91FC4D00D7058F /* liolib.c in Sources */,
				B6FF63AF1F91FC4D00D7058F /* loslib.c in Sources */,
				B6FF63981F91FC2800D7058F /* lapi.c in Sources */,
				B67565171F8F374F0077C2D7 /* s2d_bmfont.cpp in Sources */,
				B6FF63961F91FC1B00D7058F /* lstate.c in Sources */,
				B6FF639C1F91FC4D00D7058F /* lbaselib.c in Sources */,
				B6FF639E1F91FC4D00D7058F /* lcode.c in Sources */,
				4D67826E1FA5A8CE007D461F /* strbuf.c in Sources */,
			);
			runOnlyForDeploymentPostprocessing = 0;
		};
/* End PBXSourcesBuildPhase section */

/* Begin XCBuildConfiguration section */
		4337BC331F852122004CF11B /* Debug */ = {
			isa = XCBuildConfiguration;
			buildSettings = {
			};
			name = Debug;
		};
		4337BC341F852122004CF11B /* Release */ = {
			isa = XCBuildConfiguration;
			buildSettings = {
			};
			name = Release;
		};
		4337BC401F852151004CF11B /* Debug */ = {
			isa = XCBuildConfiguration;
			buildSettings = {
				ALWAYS_SEARCH_USER_PATHS = NO;
				CLANG_ANALYZER_NONNULL = YES;
				CLANG_ANALYZER_NUMBER_OBJECT_CONVERSION = YES_AGGRESSIVE;
				CLANG_CXX_LANGUAGE_STANDARD = "gnu++14";
				CLANG_CXX_LIBRARY = "libc++";
				CLANG_ENABLE_MODULES = YES;
				CLANG_ENABLE_OBJC_ARC = YES;
				CLANG_WARN_BLOCK_CAPTURE_AUTORELEASING = YES;
				CLANG_WARN_BOOL_CONVERSION = YES;
				CLANG_WARN_COMMA = YES;
				CLANG_WARN_CONSTANT_CONVERSION = YES;
				CLANG_WARN_DIRECT_OBJC_ISA_USAGE = YES_ERROR;
				CLANG_WARN_DOCUMENTATION_COMMENTS = YES;
				CLANG_WARN_EMPTY_BODY = YES;
				CLANG_WARN_ENUM_CONVERSION = YES;
				CLANG_WARN_INFINITE_RECURSION = YES;
				CLANG_WARN_INT_CONVERSION = YES;
				CLANG_WARN_NON_LITERAL_NULL_CONVERSION = YES;
				CLANG_WARN_OBJC_LITERAL_CONVERSION = YES;
				CLANG_WARN_OBJC_ROOT_CLASS = YES_ERROR;
				CLANG_WARN_RANGE_LOOP_ANALYSIS = YES;
				CLANG_WARN_STRICT_PROTOTYPES = YES;
				CLANG_WARN_SUSPICIOUS_MOVE = YES;
				CLANG_WARN_UNGUARDED_AVAILABILITY = YES_AGGRESSIVE;
				CLANG_WARN_UNREACHABLE_CODE = YES;
				CLANG_WARN__DUPLICATE_METHOD_MATCH = YES;
				CODE_SIGN_IDENTITY = "iPhone Developer";
				CODE_SIGN_STYLE = Automatic;
				COPY_PHASE_STRIP = NO;
				DEBUG_INFORMATION_FORMAT = dwarf;
				DEVELOPMENT_TEAM = GH4YBKBN58;
				ENABLE_STRICT_OBJC_MSGSEND = YES;
				ENABLE_TESTABILITY = YES;
				GCC_C_LANGUAGE_STANDARD = gnu11;
				GCC_DYNAMIC_NO_PIC = NO;
				GCC_NO_COMMON_BLOCKS = YES;
				GCC_OPTIMIZATION_LEVEL = 0;
				GCC_PREPROCESSOR_DEFINITIONS = (
					"DEBUG=1",
					"$(inherited)",
				);
				GCC_WARN_64_TO_32_BIT_CONVERSION = YES;
				GCC_WARN_ABOUT_RETURN_TYPE = YES_ERROR;
				GCC_WARN_UNDECLARED_SELECTOR = YES;
				GCC_WARN_UNINITIALIZED_AUTOS = YES_AGGRESSIVE;
				GCC_WARN_UNUSED_FUNCTION = YES;
				GCC_WARN_UNUSED_VARIABLE = YES;
				IPHONEOS_DEPLOYMENT_TARGET = 11.0;
				MTL_ENABLE_DEBUG_INFO = YES;
				ONLY_ACTIVE_ARCH = YES;
				OTHER_LDFLAGS = "-ObjC";
				PRODUCT_NAME = "$(TARGET_NAME)";
				SDKROOT = iphoneos;
				SKIP_INSTALL = YES;
				TARGETED_DEVICE_FAMILY = "1,2";
			};
			name = Debug;
		};
		4337BC411F852151004CF11B /* Release */ = {
			isa = XCBuildConfiguration;
			buildSettings = {
				ALWAYS_SEARCH_USER_PATHS = NO;
				CLANG_ANALYZER_NONNULL = YES;
				CLANG_ANALYZER_NUMBER_OBJECT_CONVERSION = YES_AGGRESSIVE;
				CLANG_CXX_LANGUAGE_STANDARD = "gnu++14";
				CLANG_CXX_LIBRARY = "libc++";
				CLANG_ENABLE_MODULES = YES;
				CLANG_ENABLE_OBJC_ARC = YES;
				CLANG_WARN_BLOCK_CAPTURE_AUTORELEASING = YES;
				CLANG_WARN_BOOL_CONVERSION = YES;
				CLANG_WARN_COMMA = YES;
				CLANG_WARN_CONSTANT_CONVERSION = YES;
				CLANG_WARN_DIRECT_OBJC_ISA_USAGE = YES_ERROR;
				CLANG_WARN_DOCUMENTATION_COMMENTS = YES;
				CLANG_WARN_EMPTY_BODY = YES;
				CLANG_WARN_ENUM_CONVERSION = YES;
				CLANG_WARN_INFINITE_RECURSION = YES;
				CLANG_WARN_INT_CONVERSION = YES;
				CLANG_WARN_NON_LITERAL_NULL_CONVERSION = YES;
				CLANG_WARN_OBJC_LITERAL_CONVERSION = YES;
				CLANG_WARN_OBJC_ROOT_CLASS = YES_ERROR;
				CLANG_WARN_RANGE_LOOP_ANALYSIS = YES;
				CLANG_WARN_STRICT_PROTOTYPES = YES;
				CLANG_WARN_SUSPICIOUS_MOVE = YES;
				CLANG_WARN_UNGUARDED_AVAILABILITY = YES_AGGRESSIVE;
				CLANG_WARN_UNREACHABLE_CODE = YES;
				CLANG_WARN__DUPLICATE_METHOD_MATCH = YES;
				CODE_SIGN_IDENTITY = "iPhone Developer";
				CODE_SIGN_STYLE = Automatic;
				COPY_PHASE_STRIP = NO;
				DEBUG_INFORMATION_FORMAT = "dwarf-with-dsym";
				DEVELOPMENT_TEAM = GH4YBKBN58;
				ENABLE_NS_ASSERTIONS = NO;
				ENABLE_STRICT_OBJC_MSGSEND = YES;
				GCC_C_LANGUAGE_STANDARD = gnu11;
				GCC_NO_COMMON_BLOCKS = YES;
				GCC_WARN_64_TO_32_BIT_CONVERSION = YES;
				GCC_WARN_ABOUT_RETURN_TYPE = YES_ERROR;
				GCC_WARN_UNDECLARED_SELECTOR = YES;
				GCC_WARN_UNINITIALIZED_AUTOS = YES_AGGRESSIVE;
				GCC_WARN_UNUSED_FUNCTION = YES;
				GCC_WARN_UNUSED_VARIABLE = YES;
				IPHONEOS_DEPLOYMENT_TARGET = 11.0;
				MTL_ENABLE_DEBUG_INFO = NO;
				OTHER_LDFLAGS = "-ObjC";
				PRODUCT_NAME = "$(TARGET_NAME)";
				SDKROOT = iphoneos;
				SKIP_INSTALL = YES;
				TARGETED_DEVICE_FAMILY = "1,2";
				VALIDATE_PRODUCT = YES;
			};
			name = Release;
		};
		4337BCAA1F8524B7004CF11B /* Debug */ = {
			isa = XCBuildConfiguration;
			buildSettings = {
				ALWAYS_SEARCH_USER_PATHS = NO;
				CLANG_ANALYZER_NONNULL = YES;
				CLANG_ANALYZER_NUMBER_OBJECT_CONVERSION = YES_AGGRESSIVE;
				CLANG_CXX_LANGUAGE_STANDARD = "gnu++14";
				CLANG_CXX_LIBRARY = "libc++";
				CLANG_ENABLE_MODULES = YES;
				CLANG_ENABLE_OBJC_ARC = YES;
				CLANG_WARN_BLOCK_CAPTURE_AUTORELEASING = YES;
				CLANG_WARN_BOOL_CONVERSION = YES;
				CLANG_WARN_COMMA = YES;
				CLANG_WARN_CONSTANT_CONVERSION = YES;
				CLANG_WARN_DIRECT_OBJC_ISA_USAGE = YES_ERROR;
				CLANG_WARN_DOCUMENTATION_COMMENTS = YES;
				CLANG_WARN_EMPTY_BODY = YES;
				CLANG_WARN_ENUM_CONVERSION = YES;
				CLANG_WARN_INFINITE_RECURSION = YES;
				CLANG_WARN_INT_CONVERSION = YES;
				CLANG_WARN_NON_LITERAL_NULL_CONVERSION = YES;
				CLANG_WARN_OBJC_LITERAL_CONVERSION = YES;
				CLANG_WARN_OBJC_ROOT_CLASS = YES_ERROR;
				CLANG_WARN_RANGE_LOOP_ANALYSIS = YES;
				CLANG_WARN_STRICT_PROTOTYPES = YES;
				CLANG_WARN_SUSPICIOUS_MOVE = YES;
				CLANG_WARN_UNGUARDED_AVAILABILITY = YES_AGGRESSIVE;
				CLANG_WARN_UNREACHABLE_CODE = YES;
				CLANG_WARN__DUPLICATE_METHOD_MATCH = YES;
				CODE_SIGN_IDENTITY = "Mac Developer";
				CODE_SIGN_STYLE = Automatic;
				COPY_PHASE_STRIP = NO;
				DEBUG_INFORMATION_FORMAT = dwarf;
				DEVELOPMENT_TEAM = GH4YBKBN58;
				ENABLE_STRICT_OBJC_MSGSEND = YES;
				ENABLE_TESTABILITY = YES;
				EXECUTABLE_PREFIX = lib;
				GCC_C_LANGUAGE_STANDARD = gnu11;
				GCC_DYNAMIC_NO_PIC = NO;
				GCC_ENABLE_CPP_EXCEPTIONS = YES;
				GCC_ENABLE_CPP_RTTI = YES;
				GCC_NO_COMMON_BLOCKS = YES;
				GCC_OPTIMIZATION_LEVEL = 0;
				GCC_PREPROCESSOR_DEFINITIONS = (
					"DEBUG=1",
					"$(inherited)",
				);
				GCC_WARN_64_TO_32_BIT_CONVERSION = YES;
				GCC_WARN_ABOUT_RETURN_TYPE = YES_ERROR;
				GCC_WARN_UNDECLARED_SELECTOR = YES;
				GCC_WARN_UNINITIALIZED_AUTOS = YES_AGGRESSIVE;
				GCC_WARN_UNUSED_FUNCTION = YES;
				GCC_WARN_UNUSED_VARIABLE = YES;
				MACOSX_DEPLOYMENT_TARGET = 10.12;
				MTL_ENABLE_DEBUG_INFO = YES;
				ONLY_ACTIVE_ARCH = YES;
				PRODUCT_NAME = "$(TARGET_NAME)";
				SDKROOT = macosx;
			};
			name = Debug;
		};
		4337BCAB1F8524B7004CF11B /* Release */ = {
			isa = XCBuildConfiguration;
			buildSettings = {
				ALWAYS_SEARCH_USER_PATHS = NO;
				CLANG_ANALYZER_NONNULL = YES;
				CLANG_ANALYZER_NUMBER_OBJECT_CONVERSION = YES_AGGRESSIVE;
				CLANG_CXX_LANGUAGE_STANDARD = "gnu++14";
				CLANG_CXX_LIBRARY = "libc++";
				CLANG_ENABLE_MODULES = YES;
				CLANG_ENABLE_OBJC_ARC = YES;
				CLANG_WARN_BLOCK_CAPTURE_AUTORELEASING = YES;
				CLANG_WARN_BOOL_CONVERSION = YES;
				CLANG_WARN_COMMA = YES;
				CLANG_WARN_CONSTANT_CONVERSION = YES;
				CLANG_WARN_DIRECT_OBJC_ISA_USAGE = YES_ERROR;
				CLANG_WARN_DOCUMENTATION_COMMENTS = YES;
				CLANG_WARN_EMPTY_BODY = YES;
				CLANG_WARN_ENUM_CONVERSION = YES;
				CLANG_WARN_INFINITE_RECURSION = YES;
				CLANG_WARN_INT_CONVERSION = YES;
				CLANG_WARN_NON_LITERAL_NULL_CONVERSION = YES;
				CLANG_WARN_OBJC_LITERAL_CONVERSION = YES;
				CLANG_WARN_OBJC_ROOT_CLASS = YES_ERROR;
				CLANG_WARN_RANGE_LOOP_ANALYSIS = YES;
				CLANG_WARN_STRICT_PROTOTYPES = YES;
				CLANG_WARN_SUSPICIOUS_MOVE = YES;
				CLANG_WARN_UNGUARDED_AVAILABILITY = YES_AGGRESSIVE;
				CLANG_WARN_UNREACHABLE_CODE = YES;
				CLANG_WARN__DUPLICATE_METHOD_MATCH = YES;
				CODE_SIGN_IDENTITY = "Mac Developer";
				CODE_SIGN_STYLE = Automatic;
				COPY_PHASE_STRIP = NO;
				DEBUG_INFORMATION_FORMAT = "dwarf-with-dsym";
				DEVELOPMENT_TEAM = GH4YBKBN58;
				ENABLE_NS_ASSERTIONS = NO;
				ENABLE_STRICT_OBJC_MSGSEND = YES;
				EXECUTABLE_PREFIX = lib;
				GCC_C_LANGUAGE_STANDARD = gnu11;
				GCC_ENABLE_CPP_EXCEPTIONS = YES;
				GCC_ENABLE_CPP_RTTI = YES;
				GCC_NO_COMMON_BLOCKS = YES;
				GCC_WARN_64_TO_32_BIT_CONVERSION = YES;
				GCC_WARN_ABOUT_RETURN_TYPE = YES_ERROR;
				GCC_WARN_UNDECLARED_SELECTOR = YES;
				GCC_WARN_UNINITIALIZED_AUTOS = YES_AGGRESSIVE;
				GCC_WARN_UNUSED_FUNCTION = YES;
				GCC_WARN_UNUSED_VARIABLE = YES;
				MACOSX_DEPLOYMENT_TARGET = 10.12;
				MTL_ENABLE_DEBUG_INFO = NO;
				PRODUCT_NAME = "$(TARGET_NAME)";
				SDKROOT = macosx;
			};
			name = Release;
		};
/* End XCBuildConfiguration section */

/* Begin XCConfigurationList section */
		4337BC321F852122004CF11B /* Build configuration list for PBXProject "seal2d" */ = {
			isa = XCConfigurationList;
			buildConfigurations = (
				4337BC331F852122004CF11B /* Debug */,
				4337BC341F852122004CF11B /* Release */,
			);
			defaultConfigurationIsVisible = 0;
			defaultConfigurationName = Release;
		};
		4337BC421F852151004CF11B /* Build configuration list for PBXNativeTarget "seal2d" */ = {
			isa = XCConfigurationList;
			buildConfigurations = (
				4337BC401F852151004CF11B /* Debug */,
				4337BC411F852151004CF11B /* Release */,
			);
			defaultConfigurationIsVisible = 0;
			defaultConfigurationName = Release;
		};
		4337BCAC1F8524B7004CF11B /* Build configuration list for PBXNativeTarget "seal2d-mac" */ = {
			isa = XCConfigurationList;
			buildConfigurations = (
				4337BCAA1F8524B7004CF11B /* Debug */,
				4337BCAB1F8524B7004CF11B /* Release */,
			);
			defaultConfigurationIsVisible = 0;
			defaultConfigurationName = Release;
		};
/* End XCConfigurationList section */
	};
	rootObject = 4337BC2F1F852122004CF11B /* Project object */;
}
