// !$*UTF8*$!
{
	archiveVersion = 1;
	classes = {
	};
	objectVersion = 46;
	objects = {

/* Begin PBXBuildFile section */
		432456671F775B5300BD0C04 /* s2d_node.cpp in Sources */ = {isa = PBXBuildFile; fileRef = 433691671F766A4700B0728E /* s2d_node.cpp */; };
		432456681F775B5800BD0C04 /* s2d_gl_util.cpp in Sources */ = {isa = PBXBuildFile; fileRef = 43FC6B641F6634E100934F03 /* s2d_gl_util.cpp */; };
		432456691F775B5800BD0C04 /* s2d_texture.cpp in Sources */ = {isa = PBXBuildFile; fileRef = 4DDD0AF01F6E0DC40021E4DB /* s2d_texture.cpp */; };
		4324566A1F775B5800BD0C04 /* s2d_sprite_renderer.cpp in Sources */ = {isa = PBXBuildFile; fileRef = B61968361F6ED0AC00970B10 /* s2d_sprite_renderer.cpp */; };
		4324566B1F775B5800BD0C04 /* s2d_program.cpp in Sources */ = {isa = PBXBuildFile; fileRef = B62FA8171F7164A300600A58 /* s2d_program.cpp */; };
		4324566C1F775B6100BD0C04 /* s2d_file_system.mm in Sources */ = {isa = PBXBuildFile; fileRef = 4DDD0B081F6E32F60021E4DB /* s2d_file_system.mm */; };
		4324566D1F775B6100BD0C04 /* s2d_context.cpp in Sources */ = {isa = PBXBuildFile; fileRef = 43FC6B621F6634E100934F03 /* s2d_context.cpp */; };
		4324566E1F775B6100BD0C04 /* s2d_sprite.cpp in Sources */ = {isa = PBXBuildFile; fileRef = 4D31B3591F65992C00B9DDD7 /* s2d_sprite.cpp */; };
		4324566F1F775B6100BD0C04 /* s2d_camera.cpp in Sources */ = {isa = PBXBuildFile; fileRef = 43DF79031F68E36F00EC6747 /* s2d_camera.cpp */; };
		432456701F775B6100BD0C04 /* s2d_util.cpp in Sources */ = {isa = PBXBuildFile; fileRef = 4DDD0AFF1F6E2D270021E4DB /* s2d_util.cpp */; };
		432456711F775B7200BD0C04 /* lodepng.cpp in Sources */ = {isa = PBXBuildFile; fileRef = 43CB96891F7684F900E6CF36 /* lodepng.cpp */; };
		432456721F775B8E00BD0C04 /* OpenGLES.framework in Frameworks */ = {isa = PBXBuildFile; fileRef = B6A7F0921F656FD700E1CE26 /* OpenGLES.framework */; };
		432456771F7762E400BD0C04 /* s2d_test_common.cpp in Sources */ = {isa = PBXBuildFile; fileRef = 432456751F7762E400BD0C04 /* s2d_test_common.cpp */; };
		432456811F77E93B00BD0C04 /* entry.cpp in Sources */ = {isa = PBXBuildFile; fileRef = 4324567F1F77E93B00BD0C04 /* entry.cpp */; };
		433691691F766A4700B0728E /* s2d_node.cpp in Sources */ = {isa = PBXBuildFile; fileRef = 433691671F766A4700B0728E /* s2d_node.cpp */; };
		43CB968B1F7684F900E6CF36 /* lodepng.cpp in Sources */ = {isa = PBXBuildFile; fileRef = 43CB96891F7684F900E6CF36 /* lodepng.cpp */; };
		43CB96A51F76B3FE00E6CF36 /* s2d_node_test.mm in Sources */ = {isa = PBXBuildFile; fileRef = 43CB96A41F76B3FE00E6CF36 /* s2d_node_test.mm */; };
		43CB96A81F76B66000E6CF36 /* s2d_node_test_case.mm in Sources */ = {isa = PBXBuildFile; fileRef = 43CB96A61F76B66000E6CF36 /* s2d_node_test_case.mm */; };
		43DF78D41F66694E00EC6747 /* GLKit.framework in Frameworks */ = {isa = PBXBuildFile; fileRef = B6A7F0941F656FDB00E1CE26 /* GLKit.framework */; };
		43DF78D81F667C3400EC6747 /* QuartzCore.framework in Frameworks */ = {isa = PBXBuildFile; fileRef = 43DF78D71F667C3400EC6747 /* QuartzCore.framework */; };
		43DF79051F68E36F00EC6747 /* s2d_camera.cpp in Sources */ = {isa = PBXBuildFile; fileRef = 43DF79031F68E36F00EC6747 /* s2d_camera.cpp */; };
		43FC6B671F6634E100934F03 /* s2d_context.cpp in Sources */ = {isa = PBXBuildFile; fileRef = 43FC6B621F6634E100934F03 /* s2d_context.cpp */; };
		43FC6B681F6634E100934F03 /* s2d_gl_util.cpp in Sources */ = {isa = PBXBuildFile; fileRef = 43FC6B641F6634E100934F03 /* s2d_gl_util.cpp */; };
		4D31B35B1F65992C00B9DDD7 /* s2d_sprite.cpp in Sources */ = {isa = PBXBuildFile; fileRef = 4D31B3591F65992C00B9DDD7 /* s2d_sprite.cpp */; };
		4DDD0AF21F6E0DC40021E4DB /* s2d_texture.cpp in Sources */ = {isa = PBXBuildFile; fileRef = 4DDD0AF01F6E0DC40021E4DB /* s2d_texture.cpp */; };
		4DDD0B011F6E2D270021E4DB /* s2d_util.cpp in Sources */ = {isa = PBXBuildFile; fileRef = 4DDD0AFF1F6E2D270021E4DB /* s2d_util.cpp */; };
		4DDD0B0A1F6E32F60021E4DB /* s2d_file_system.mm in Sources */ = {isa = PBXBuildFile; fileRef = 4DDD0B081F6E32F60021E4DB /* s2d_file_system.mm */; };
		4DDD0B101F6E727E0021E4DB /* res in Resources */ = {isa = PBXBuildFile; fileRef = 4DDD0B0F1F6E727E0021E4DB /* res */; };
		B61968381F6ED0AC00970B10 /* s2d_sprite_renderer.cpp in Sources */ = {isa = PBXBuildFile; fileRef = B61968361F6ED0AC00970B10 /* s2d_sprite_renderer.cpp */; };
		B62FA8191F7164A300600A58 /* s2d_program.cpp in Sources */ = {isa = PBXBuildFile; fileRef = B62FA8171F7164A300600A58 /* s2d_program.cpp */; };
		B6A7F0781F656F3800E1CE26 /* main.m in Sources */ = {isa = PBXBuildFile; fileRef = B6A7F0771F656F3800E1CE26 /* main.m */; };
		B6A7F07B1F656F3800E1CE26 /* AppDelegate.mm in Sources */ = {isa = PBXBuildFile; fileRef = B6A7F07A1F656F3800E1CE26 /* AppDelegate.mm */; };
		B6A7F07E1F656F3800E1CE26 /* ViewController.mm in Sources */ = {isa = PBXBuildFile; fileRef = B6A7F07D1F656F3800E1CE26 /* ViewController.mm */; };
		B6A7F0811F656F3800E1CE26 /* Main.storyboard in Resources */ = {isa = PBXBuildFile; fileRef = B6A7F07F1F656F3800E1CE26 /* Main.storyboard */; };
		B6A7F0831F656F3800E1CE26 /* Assets.xcassets in Resources */ = {isa = PBXBuildFile; fileRef = B6A7F0821F656F3800E1CE26 /* Assets.xcassets */; };
		B6A7F0861F656F3800E1CE26 /* LaunchScreen.storyboard in Resources */ = {isa = PBXBuildFile; fileRef = B6A7F0841F656F3800E1CE26 /* LaunchScreen.storyboard */; };
		B6A7F0931F656FD700E1CE26 /* OpenGLES.framework in Frameworks */ = {isa = PBXBuildFile; fileRef = B6A7F0921F656FD700E1CE26 /* OpenGLES.framework */; };
/* End PBXBuildFile section */

/* Begin PBXContainerItemProxy section */
		43CB969D1F76B3BC00E6CF36 /* PBXContainerItemProxy */ = {
			isa = PBXContainerItemProxy;
			containerPortal = B6A7F06B1F656F3800E1CE26 /* Project object */;
			proxyType = 1;
			remoteGlobalIDString = B6A7F0721F656F3800E1CE26;
			remoteInfo = "hello-world";
		};
/* End PBXContainerItemProxy section */

/* Begin PBXFileReference section */
		432456751F7762E400BD0C04 /* s2d_test_common.cpp */ = {isa = PBXFileReference; lastKnownFileType = sourcecode.cpp.cpp; path = s2d_test_common.cpp; sourceTree = "<group>"; };
		432456761F7762E400BD0C04 /* s2d_test_common.h */ = {isa = PBXFileReference; lastKnownFileType = sourcecode.c.h; path = s2d_test_common.h; sourceTree = "<group>"; };
		4324567F1F77E93B00BD0C04 /* entry.cpp */ = {isa = PBXFileReference; lastKnownFileType = sourcecode.cpp.cpp; path = entry.cpp; sourceTree = "<group>"; };
		432456801F77E93B00BD0C04 /* entry.h */ = {isa = PBXFileReference; lastKnownFileType = sourcecode.c.h; path = entry.h; sourceTree = "<group>"; };
		433691671F766A4700B0728E /* s2d_node.cpp */ = {isa = PBXFileReference; fileEncoding = 4; lastKnownFileType = sourcecode.cpp.cpp; path = s2d_node.cpp; sourceTree = "<group>"; };
		433691681F766A4700B0728E /* s2d_node.h */ = {isa = PBXFileReference; fileEncoding = 4; lastKnownFileType = sourcecode.c.h; path = s2d_node.h; sourceTree = "<group>"; };
		43CB96891F7684F900E6CF36 /* lodepng.cpp */ = {isa = PBXFileReference; fileEncoding = 4; lastKnownFileType = sourcecode.cpp.cpp; path = lodepng.cpp; sourceTree = "<group>"; };
		43CB968A1F7684F900E6CF36 /* lodepng.h */ = {isa = PBXFileReference; fileEncoding = 4; lastKnownFileType = sourcecode.c.h; path = lodepng.h; sourceTree = "<group>"; };
		43CB96921F76B38700E6CF36 /* XCTest.framework */ = {isa = PBXFileReference; lastKnownFileType = wrapper.framework; name = XCTest.framework; path = Platforms/iPhoneOS.platform/Developer/Library/Frameworks/XCTest.framework; sourceTree = DEVELOPER_DIR; };
		43CB96981F76B3BC00E6CF36 /* hello-worldTests.xctest */ = {isa = PBXFileReference; explicitFileType = wrapper.cfbundle; includeInIndex = 0; path = "hello-worldTests.xctest"; sourceTree = BUILT_PRODUCTS_DIR; };
		43CB969C1F76B3BC00E6CF36 /* Info.plist */ = {isa = PBXFileReference; lastKnownFileType = text.plist.xml; path = Info.plist; sourceTree = "<group>"; };
		43CB96A41F76B3FE00E6CF36 /* s2d_node_test.mm */ = {isa = PBXFileReference; fileEncoding = 4; lastKnownFileType = sourcecode.cpp.objcpp; path = s2d_node_test.mm; sourceTree = "<group>"; };
		43CB96A61F76B66000E6CF36 /* s2d_node_test_case.mm */ = {isa = PBXFileReference; fileEncoding = 4; lastKnownFileType = sourcecode.cpp.objcpp; path = s2d_node_test_case.mm; sourceTree = "<group>"; };
		43CB96A71F76B66000E6CF36 /* s2d_node_test_case.h */ = {isa = PBXFileReference; fileEncoding = 4; lastKnownFileType = sourcecode.c.h; path = s2d_node_test_case.h; sourceTree = "<group>"; };
		43DF78D71F667C3400EC6747 /* QuartzCore.framework */ = {isa = PBXFileReference; lastKnownFileType = wrapper.framework; name = QuartzCore.framework; path = System/Library/Frameworks/QuartzCore.framework; sourceTree = SDKROOT; };
		43DF79031F68E36F00EC6747 /* s2d_camera.cpp */ = {isa = PBXFileReference; fileEncoding = 4; lastKnownFileType = sourcecode.cpp.cpp; path = s2d_camera.cpp; sourceTree = "<group>"; };
		43DF79041F68E36F00EC6747 /* s2d_camera.h */ = {isa = PBXFileReference; fileEncoding = 4; lastKnownFileType = sourcecode.c.h; path = s2d_camera.h; sourceTree = "<group>"; };
		43DF790A1F68E93800EC6747 /* s2d_math.h */ = {isa = PBXFileReference; fileEncoding = 4; lastKnownFileType = sourcecode.c.h; path = s2d_math.h; sourceTree = "<group>"; };
		43DF790C1F690FB300EC6747 /* s2d_macro.h */ = {isa = PBXFileReference; lastKnownFileType = sourcecode.c.h; path = s2d_macro.h; sourceTree = "<group>"; };
		43FC6B611F6634E100934F03 /* s2d_common.h */ = {isa = PBXFileReference; fileEncoding = 4; lastKnownFileType = sourcecode.c.h; path = s2d_common.h; sourceTree = "<group>"; };
		43FC6B621F6634E100934F03 /* s2d_context.cpp */ = {isa = PBXFileReference; fileEncoding = 4; lastKnownFileType = sourcecode.cpp.cpp; path = s2d_context.cpp; sourceTree = "<group>"; };
		43FC6B631F6634E100934F03 /* s2d_context.h */ = {isa = PBXFileReference; fileEncoding = 4; lastKnownFileType = sourcecode.c.h; path = s2d_context.h; sourceTree = "<group>"; };
		43FC6B641F6634E100934F03 /* s2d_gl_util.cpp */ = {isa = PBXFileReference; fileEncoding = 4; lastKnownFileType = sourcecode.cpp.cpp; path = s2d_gl_util.cpp; sourceTree = "<group>"; };
		43FC6B651F6634E100934F03 /* s2d_gl_util.h */ = {isa = PBXFileReference; fileEncoding = 4; lastKnownFileType = sourcecode.c.h; path = s2d_gl_util.h; sourceTree = "<group>"; };
		43FC6B661F6634E100934F03 /* s2d.h */ = {isa = PBXFileReference; fileEncoding = 4; lastKnownFileType = sourcecode.c.h; path = s2d.h; sourceTree = "<group>"; };
		4D31B3591F65992C00B9DDD7 /* s2d_sprite.cpp */ = {isa = PBXFileReference; fileEncoding = 4; lastKnownFileType = sourcecode.cpp.cpp; path = s2d_sprite.cpp; sourceTree = "<group>"; };
		4D31B35A1F65992C00B9DDD7 /* s2d_sprite.h */ = {isa = PBXFileReference; fileEncoding = 4; lastKnownFileType = sourcecode.c.h; path = s2d_sprite.h; sourceTree = "<group>"; };
		4DDD0AF01F6E0DC40021E4DB /* s2d_texture.cpp */ = {isa = PBXFileReference; fileEncoding = 4; lastKnownFileType = sourcecode.cpp.cpp; path = s2d_texture.cpp; sourceTree = "<group>"; };
		4DDD0AF11F6E0DC40021E4DB /* s2d_texture.h */ = {isa = PBXFileReference; fileEncoding = 4; lastKnownFileType = sourcecode.c.h; path = s2d_texture.h; sourceTree = "<group>"; };
		4DDD0AF51F6E0EF30021E4DB /* stb_image.h */ = {isa = PBXFileReference; fileEncoding = 4; lastKnownFileType = sourcecode.c.h; path = stb_image.h; sourceTree = "<group>"; };
		4DDD0AF71F6E149F0021E4DB /* s2d_ref_counter.h */ = {isa = PBXFileReference; fileEncoding = 4; lastKnownFileType = sourcecode.c.h; path = s2d_ref_counter.h; sourceTree = "<group>"; };
		4DDD0AFF1F6E2D270021E4DB /* s2d_util.cpp */ = {isa = PBXFileReference; fileEncoding = 4; lastKnownFileType = sourcecode.cpp.cpp; path = s2d_util.cpp; sourceTree = "<group>"; };
		4DDD0B001F6E2D270021E4DB /* s2d_util.h */ = {isa = PBXFileReference; fileEncoding = 4; lastKnownFileType = sourcecode.c.h; path = s2d_util.h; sourceTree = "<group>"; };
		4DDD0B041F6E32540021E4DB /* s2d_platform.h */ = {isa = PBXFileReference; lastKnownFileType = sourcecode.c.h; path = s2d_platform.h; sourceTree = "<group>"; };
		4DDD0B081F6E32F60021E4DB /* s2d_file_system.mm */ = {isa = PBXFileReference; fileEncoding = 4; lastKnownFileType = sourcecode.cpp.objcpp; path = s2d_file_system.mm; sourceTree = "<group>"; };
		4DDD0B091F6E32F60021E4DB /* s2d_file_system.h */ = {isa = PBXFileReference; fileEncoding = 4; lastKnownFileType = sourcecode.c.h; path = s2d_file_system.h; sourceTree = "<group>"; };
		4DDD0B0F1F6E727E0021E4DB /* res */ = {isa = PBXFileReference; lastKnownFileType = folder; name = res; path = ../res; sourceTree = "<group>"; };
		B61968361F6ED0AC00970B10 /* s2d_sprite_renderer.cpp */ = {isa = PBXFileReference; fileEncoding = 4; lastKnownFileType = sourcecode.cpp.cpp; path = s2d_sprite_renderer.cpp; sourceTree = "<group>"; };
		B61968371F6ED0AC00970B10 /* s2d_sprite_renderer.h */ = {isa = PBXFileReference; fileEncoding = 4; lastKnownFileType = sourcecode.c.h; path = s2d_sprite_renderer.h; sourceTree = "<group>"; };
		B62FA8171F7164A300600A58 /* s2d_program.cpp */ = {isa = PBXFileReference; fileEncoding = 4; lastKnownFileType = sourcecode.cpp.cpp; path = s2d_program.cpp; sourceTree = "<group>"; };
		B62FA8181F7164A300600A58 /* s2d_program.h */ = {isa = PBXFileReference; fileEncoding = 4; lastKnownFileType = sourcecode.c.h; path = s2d_program.h; sourceTree = "<group>"; };
		B65E54331F7411970036BD41 /* s2d_config.h */ = {isa = PBXFileReference; lastKnownFileType = sourcecode.c.h; path = s2d_config.h; sourceTree = "<group>"; };
		B6A7F0731F656F3800E1CE26 /* hello-world.app */ = {isa = PBXFileReference; explicitFileType = wrapper.application; includeInIndex = 0; path = "hello-world.app"; sourceTree = BUILT_PRODUCTS_DIR; };
		B6A7F0771F656F3800E1CE26 /* main.m */ = {isa = PBXFileReference; lastKnownFileType = sourcecode.c.objc; path = main.m; sourceTree = "<group>"; };
		B6A7F0791F656F3800E1CE26 /* AppDelegate.h */ = {isa = PBXFileReference; lastKnownFileType = sourcecode.c.h; path = AppDelegate.h; sourceTree = "<group>"; };
		B6A7F07A1F656F3800E1CE26 /* AppDelegate.mm */ = {isa = PBXFileReference; lastKnownFileType = sourcecode.cpp.objcpp; path = AppDelegate.mm; sourceTree = "<group>"; };
		B6A7F07C1F656F3800E1CE26 /* ViewController.h */ = {isa = PBXFileReference; lastKnownFileType = sourcecode.c.h; path = ViewController.h; sourceTree = "<group>"; };
		B6A7F07D1F656F3800E1CE26 /* ViewController.mm */ = {isa = PBXFileReference; lastKnownFileType = sourcecode.cpp.objcpp; path = ViewController.mm; sourceTree = "<group>"; };
		B6A7F0801F656F3800E1CE26 /* Base */ = {isa = PBXFileReference; lastKnownFileType = file.storyboard; name = Base; path = Base.lproj/Main.storyboard; sourceTree = "<group>"; };
		B6A7F0821F656F3800E1CE26 /* Assets.xcassets */ = {isa = PBXFileReference; lastKnownFileType = folder.assetcatalog; path = Assets.xcassets; sourceTree = "<group>"; };
		B6A7F0851F656F3800E1CE26 /* Base */ = {isa = PBXFileReference; lastKnownFileType = file.storyboard; name = Base; path = Base.lproj/LaunchScreen.storyboard; sourceTree = "<group>"; };
		B6A7F0871F656F3800E1CE26 /* Info.plist */ = {isa = PBXFileReference; lastKnownFileType = text.plist.xml; path = Info.plist; sourceTree = "<group>"; };
		B6A7F0921F656FD700E1CE26 /* OpenGLES.framework */ = {isa = PBXFileReference; lastKnownFileType = wrapper.framework; name = OpenGLES.framework; path = System/Library/Frameworks/OpenGLES.framework; sourceTree = SDKROOT; };
		B6A7F0941F656FDB00E1CE26 /* GLKit.framework */ = {isa = PBXFileReference; lastKnownFileType = wrapper.framework; name = GLKit.framework; path = System/Library/Frameworks/GLKit.framework; sourceTree = SDKROOT; };
/* End PBXFileReference section */

/* Begin PBXFrameworksBuildPhase section */
		43CB96951F76B3BC00E6CF36 /* Frameworks */ = {
			isa = PBXFrameworksBuildPhase;
			buildActionMask = 2147483647;
			files = (
				432456721F775B8E00BD0C04 /* OpenGLES.framework in Frameworks */,
			);
			runOnlyForDeploymentPostprocessing = 0;
		};
		B6A7F0701F656F3800E1CE26 /* Frameworks */ = {
			isa = PBXFrameworksBuildPhase;
			buildActionMask = 2147483647;
			files = (
				43DF78D81F667C3400EC6747 /* QuartzCore.framework in Frameworks */,
				43DF78D41F66694E00EC6747 /* GLKit.framework in Frameworks */,
				B6A7F0931F656FD700E1CE26 /* OpenGLES.framework in Frameworks */,
			);
			runOnlyForDeploymentPostprocessing = 0;
		};
/* End PBXFrameworksBuildPhase section */

/* Begin PBXGroup section */
		432456781F77DCAE00BD0C04 /* src */ = {
			isa = PBXGroup;
			children = (
				4324567F1F77E93B00BD0C04 /* entry.cpp */,
				432456801F77E93B00BD0C04 /* entry.h */,
			);
			path = src;
			sourceTree = "<group>";
		};
		4324567C1F77E71400BD0C04 /* game_object */ = {
			isa = PBXGroup;
			children = (
				43DF79031F68E36F00EC6747 /* s2d_camera.cpp */,
				43DF79041F68E36F00EC6747 /* s2d_camera.h */,
				4D31B3591F65992C00B9DDD7 /* s2d_sprite.cpp */,
				4D31B35A1F65992C00B9DDD7 /* s2d_sprite.h */,
				433691671F766A4700B0728E /* s2d_node.cpp */,
				433691681F766A4700B0728E /* s2d_node.h */,
			);
			name = game_object;
			sourceTree = "<group>";
		};
		4324567D1F77E74B00BD0C04 /* misc */ = {
			isa = PBXGroup;
			children = (
				4DDD0AFF1F6E2D270021E4DB /* s2d_util.cpp */,
				4DDD0B001F6E2D270021E4DB /* s2d_util.h */,
			);
			name = misc;
			sourceTree = "<group>";
		};
		4324567E1F77E75500BD0C04 /* base */ = {
			isa = PBXGroup;
			children = (
				43DF790A1F68E93800EC6747 /* s2d_math.h */,
				4DDD0AF71F6E149F0021E4DB /* s2d_ref_counter.h */,
			);
			name = base;
			sourceTree = "<group>";
		};
		43CB96881F7684F900E6CF36 /* lodepng */ = {
			isa = PBXGroup;
			children = (
				43CB96891F7684F900E6CF36 /* lodepng.cpp */,
				43CB968A1F7684F900E6CF36 /* lodepng.h */,
			);
			path = lodepng;
			sourceTree = "<group>";
		};
		43CB96991F76B3BC00E6CF36 /* hello-worldTests */ = {
			isa = PBXGroup;
			children = (
				43CB969C1F76B3BC00E6CF36 /* Info.plist */,
			);
			path = "hello-worldTests";
			sourceTree = "<group>";
		};
		43CB96A31F76B3F100E6CF36 /* test */ = {
			isa = PBXGroup;
			children = (
				43CB96A41F76B3FE00E6CF36 /* s2d_node_test.mm */,
				43CB96A61F76B66000E6CF36 /* s2d_node_test_case.mm */,
				43CB96A71F76B66000E6CF36 /* s2d_node_test_case.h */,
				432456751F7762E400BD0C04 /* s2d_test_common.cpp */,
				432456761F7762E400BD0C04 /* s2d_test_common.h */,
			);
			path = test;
			sourceTree = "<group>";
		};
		4D31B3581F65992C00B9DDD7 /* src */ = {
			isa = PBXGroup;
			children = (
				4324567E1F77E75500BD0C04 /* base */,
				4324567D1F77E74B00BD0C04 /* misc */,
				4DDD0B021F6E322A0021E4DB /* platform */,
				4324567C1F77E71400BD0C04 /* game_object */,
				B61968351F6EC96200970B10 /* renderer */,
				43FC6B661F6634E100934F03 /* s2d.h */,
				B65E54331F7411970036BD41 /* s2d_config.h */,
				43DF790C1F690FB300EC6747 /* s2d_macro.h */,
				43FC6B611F6634E100934F03 /* s2d_common.h */,
				43FC6B621F6634E100934F03 /* s2d_context.cpp */,
				43FC6B631F6634E100934F03 /* s2d_context.h */,
			);
			name = src;
			path = ../../../src;
			sourceTree = "<group>";
		};
		4DDD0AF31F6E0EF30021E4DB /* libs */ = {
			isa = PBXGroup;
			children = (
				43CB96881F7684F900E6CF36 /* lodepng */,
				4DDD0AF41F6E0EF30021E4DB /* stb_image */,
			);
			name = libs;
			path = ../../../libs;
			sourceTree = "<group>";
		};
		4DDD0AF41F6E0EF30021E4DB /* stb_image */ = {
			isa = PBXGroup;
			children = (
				4DDD0AF51F6E0EF30021E4DB /* stb_image.h */,
			);
			path = stb_image;
			sourceTree = "<group>";
		};
		4DDD0B021F6E322A0021E4DB /* platform */ = {
			isa = PBXGroup;
			children = (
				4DDD0B041F6E32540021E4DB /* s2d_platform.h */,
				4DDD0B081F6E32F60021E4DB /* s2d_file_system.mm */,
				4DDD0B091F6E32F60021E4DB /* s2d_file_system.h */,
			);
			name = platform;
			sourceTree = "<group>";
		};
		B61968351F6EC96200970B10 /* renderer */ = {
			isa = PBXGroup;
			children = (
				43FC6B641F6634E100934F03 /* s2d_gl_util.cpp */,
				43FC6B651F6634E100934F03 /* s2d_gl_util.h */,
				4DDD0AF01F6E0DC40021E4DB /* s2d_texture.cpp */,
				4DDD0AF11F6E0DC40021E4DB /* s2d_texture.h */,
				B61968361F6ED0AC00970B10 /* s2d_sprite_renderer.cpp */,
				B61968371F6ED0AC00970B10 /* s2d_sprite_renderer.h */,
				B62FA8171F7164A300600A58 /* s2d_program.cpp */,
				B62FA8181F7164A300600A58 /* s2d_program.h */,
			);
			name = renderer;
			sourceTree = "<group>";
		};
		B6A7F06A1F656F3800E1CE26 = {
			isa = PBXGroup;
			children = (
				4DDD0AF31F6E0EF30021E4DB /* libs */,
				4D31B3581F65992C00B9DDD7 /* src */,
				4DDD0B0F1F6E727E0021E4DB /* res */,
				B6A7F0751F656F3800E1CE26 /* hello-world */,
				43CB96991F76B3BC00E6CF36 /* hello-worldTests */,
				B6A7F0741F656F3800E1CE26 /* Products */,
				B6A7F0911F656FD700E1CE26 /* Frameworks */,
			);
			sourceTree = "<group>";
		};
		B6A7F0741F656F3800E1CE26 /* Products */ = {
			isa = PBXGroup;
			children = (
				B6A7F0731F656F3800E1CE26 /* hello-world.app */,
				43CB96981F76B3BC00E6CF36 /* hello-worldTests.xctest */,
			);
			name = Products;
			sourceTree = "<group>";
		};
		B6A7F0751F656F3800E1CE26 /* hello-world */ = {
			isa = PBXGroup;
			children = (
				432456781F77DCAE00BD0C04 /* src */,
				43CB96A31F76B3F100E6CF36 /* test */,
				B6A7F0791F656F3800E1CE26 /* AppDelegate.h */,
				B6A7F07A1F656F3800E1CE26 /* AppDelegate.mm */,
				B6A7F07C1F656F3800E1CE26 /* ViewController.h */,
				B6A7F07D1F656F3800E1CE26 /* ViewController.mm */,
				B6A7F07F1F656F3800E1CE26 /* Main.storyboard */,
				B6A7F0821F656F3800E1CE26 /* Assets.xcassets */,
				B6A7F0841F656F3800E1CE26 /* LaunchScreen.storyboard */,
				B6A7F0871F656F3800E1CE26 /* Info.plist */,
				B6A7F0761F656F3800E1CE26 /* Supporting Files */,
			);
			path = "hello-world";
			sourceTree = "<group>";
		};
		B6A7F0761F656F3800E1CE26 /* Supporting Files */ = {
			isa = PBXGroup;
			children = (
				B6A7F0771F656F3800E1CE26 /* main.m */,
			);
			name = "Supporting Files";
			sourceTree = "<group>";
		};
		B6A7F0911F656FD700E1CE26 /* Frameworks */ = {
			isa = PBXGroup;
			children = (
				43CB96921F76B38700E6CF36 /* XCTest.framework */,
				43DF78D71F667C3400EC6747 /* QuartzCore.framework */,
				B6A7F0941F656FDB00E1CE26 /* GLKit.framework */,
				B6A7F0921F656FD700E1CE26 /* OpenGLES.framework */,
			);
			name = Frameworks;
			sourceTree = "<group>";
		};
/* End PBXGroup section */

/* Begin PBXNativeTarget section */
		43CB96971F76B3BC00E6CF36 /* hello-worldTests */ = {
			isa = PBXNativeTarget;
			buildConfigurationList = 43CB969F1F76B3BC00E6CF36 /* Build configuration list for PBXNativeTarget "hello-worldTests" */;
			buildPhases = (
				43CB96941F76B3BC00E6CF36 /* Sources */,
				43CB96951F76B3BC00E6CF36 /* Frameworks */,
				43CB96961F76B3BC00E6CF36 /* Resources */,
			);
			buildRules = (
			);
			dependencies = (
				43CB969E1F76B3BC00E6CF36 /* PBXTargetDependency */,
			);
			name = "hello-worldTests";
			productName = "hello-worldTests";
			productReference = 43CB96981F76B3BC00E6CF36 /* hello-worldTests.xctest */;
			productType = "com.apple.product-type.bundle.unit-test";
		};
		B6A7F0721F656F3800E1CE26 /* hello-world */ = {
			isa = PBXNativeTarget;
			buildConfigurationList = B6A7F08A1F656F3800E1CE26 /* Build configuration list for PBXNativeTarget "hello-world" */;
			buildPhases = (
				B6A7F06F1F656F3800E1CE26 /* Sources */,
				B6A7F0701F656F3800E1CE26 /* Frameworks */,
				B6A7F0711F656F3800E1CE26 /* Resources */,
			);
			buildRules = (
			);
			dependencies = (
			);
			name = "hello-world";
			productName = "hello-world";
			productReference = B6A7F0731F656F3800E1CE26 /* hello-world.app */;
			productType = "com.apple.product-type.application";
		};
/* End PBXNativeTarget section */

/* Begin PBXProject section */
		B6A7F06B1F656F3800E1CE26 /* Project object */ = {
			isa = PBXProject;
			attributes = {
				LastUpgradeCheck = 0830;
				ORGANIZATIONNAME = levelmax;
				TargetAttributes = {
					43CB96971F76B3BC00E6CF36 = {
						CreatedOnToolsVersion = 8.3.3;
						DevelopmentTeam = GH4YBKBN58;
						ProvisioningStyle = Automatic;
						TestTargetID = B6A7F0721F656F3800E1CE26;
					};
					B6A7F0721F656F3800E1CE26 = {
						CreatedOnToolsVersion = 8.3.3;
						DevelopmentTeam = GH4YBKBN58;
						ProvisioningStyle = Automatic;
					};
				};
			};
			buildConfigurationList = B6A7F06E1F656F3800E1CE26 /* Build configuration list for PBXProject "hello-world" */;
			compatibilityVersion = "Xcode 3.2";
			developmentRegion = English;
			hasScannedForEncodings = 0;
			knownRegions = (
				en,
				Base,
			);
			mainGroup = B6A7F06A1F656F3800E1CE26;
			productRefGroup = B6A7F0741F656F3800E1CE26 /* Products */;
			projectDirPath = "";
			projectRoot = "";
			targets = (
				B6A7F0721F656F3800E1CE26 /* hello-world */,
				43CB96971F76B3BC00E6CF36 /* hello-worldTests */,
			);
		};
/* End PBXProject section */

/* Begin PBXResourcesBuildPhase section */
		43CB96961F76B3BC00E6CF36 /* Resources */ = {
			isa = PBXResourcesBuildPhase;
			buildActionMask = 2147483647;
			files = (
			);
			runOnlyForDeploymentPostprocessing = 0;
		};
		B6A7F0711F656F3800E1CE26 /* Resources */ = {
			isa = PBXResourcesBuildPhase;
			buildActionMask = 2147483647;
			files = (
				B6A7F0861F656F3800E1CE26 /* LaunchScreen.storyboard in Resources */,
				4DDD0B101F6E727E0021E4DB /* res in Resources */,
				B6A7F0831F656F3800E1CE26 /* Assets.xcassets in Resources */,
				B6A7F0811F656F3800E1CE26 /* Main.storyboard in Resources */,
			);
			runOnlyForDeploymentPostprocessing = 0;
		};
/* End PBXResourcesBuildPhase section */

/* Begin PBXSourcesBuildPhase section */
		43CB96941F76B3BC00E6CF36 /* Sources */ = {
			isa = PBXSourcesBuildPhase;
			buildActionMask = 2147483647;
			files = (
				432456681F775B5800BD0C04 /* s2d_gl_util.cpp in Sources */,
				43CB96A51F76B3FE00E6CF36 /* s2d_node_test.mm in Sources */,
				432456671F775B5300BD0C04 /* s2d_node.cpp in Sources */,
				432456701F775B6100BD0C04 /* s2d_util.cpp in Sources */,
				4324566A1F775B5800BD0C04 /* s2d_sprite_renderer.cpp in Sources */,
				4324566E1F775B6100BD0C04 /* s2d_sprite.cpp in Sources */,
				43CB96A81F76B66000E6CF36 /* s2d_node_test_case.mm in Sources */,
				4324566F1F775B6100BD0C04 /* s2d_camera.cpp in Sources */,
				4324566D1F775B6100BD0C04 /* s2d_context.cpp in Sources */,
				432456711F775B7200BD0C04 /* lodepng.cpp in Sources */,
				4324566B1F775B5800BD0C04 /* s2d_program.cpp in Sources */,
				4324566C1F775B6100BD0C04 /* s2d_file_system.mm in Sources */,
				432456771F7762E400BD0C04 /* s2d_test_common.cpp in Sources */,
				432456691F775B5800BD0C04 /* s2d_texture.cpp in Sources */,
			);
			runOnlyForDeploymentPostprocessing = 0;
		};
		B6A7F06F1F656F3800E1CE26 /* Sources */ = {
			isa = PBXSourcesBuildPhase;
			buildActionMask = 2147483647;
			files = (
				B6A7F07E1F656F3800E1CE26 /* ViewController.mm in Sources */,
				4DDD0B011F6E2D270021E4DB /* s2d_util.cpp in Sources */,
				4DDD0AF21F6E0DC40021E4DB /* s2d_texture.cpp in Sources */,
				43FC6B671F6634E100934F03 /* s2d_context.cpp in Sources */,
				43FC6B681F6634E100934F03 /* s2d_gl_util.cpp in Sources */,
				432456811F77E93B00BD0C04 /* entry.cpp in Sources */,
				B6A7F07B1F656F3800E1CE26 /* AppDelegate.mm in Sources */,
				433691691F766A4700B0728E /* s2d_node.cpp in Sources */,
				B62FA8191F7164A300600A58 /* s2d_program.cpp in Sources */,
				4D31B35B1F65992C00B9DDD7 /* s2d_sprite.cpp in Sources */,
				43DF79051F68E36F00EC6747 /* s2d_camera.cpp in Sources */,
				B61968381F6ED0AC00970B10 /* s2d_sprite_renderer.cpp in Sources */,
				B6A7F0781F656F3800E1CE26 /* main.m in Sources */,
				4DDD0B0A1F6E32F60021E4DB /* s2d_file_system.mm in Sources */,
				43CB968B1F7684F900E6CF36 /* lodepng.cpp in Sources */,
			);
			runOnlyForDeploymentPostprocessing = 0;
		};
/* End PBXSourcesBuildPhase section */

/* Begin PBXTargetDependency section */
		43CB969E1F76B3BC00E6CF36 /* PBXTargetDependency */ = {
			isa = PBXTargetDependency;
			target = B6A7F0721F656F3800E1CE26 /* hello-world */;
			targetProxy = 43CB969D1F76B3BC00E6CF36 /* PBXContainerItemProxy */;
		};
/* End PBXTargetDependency section */

/* Begin PBXVariantGroup section */
		B6A7F07F1F656F3800E1CE26 /* Main.storyboard */ = {
			isa = PBXVariantGroup;
			children = (
				B6A7F0801F656F3800E1CE26 /* Base */,
			);
			name = Main.storyboard;
			sourceTree = "<group>";
		};
		B6A7F0841F656F3800E1CE26 /* LaunchScreen.storyboard */ = {
			isa = PBXVariantGroup;
			children = (
				B6A7F0851F656F3800E1CE26 /* Base */,
			);
			name = LaunchScreen.storyboard;
			sourceTree = "<group>";
		};
/* End PBXVariantGroup section */

/* Begin XCBuildConfiguration section */
		43CB96A01F76B3BC00E6CF36 /* Debug */ = {
			isa = XCBuildConfiguration;
			buildSettings = {
				BUNDLE_LOADER = "$(TEST_HOST)";
				DEVELOPMENT_TEAM = GH4YBKBN58;
				INFOPLIST_FILE = "hello-worldTests/Info.plist";
				LD_RUNPATH_SEARCH_PATHS = "$(inherited) @executable_path/Frameworks @loader_path/Frameworks";
				PRODUCT_BUNDLE_IDENTIFIER = "com.levelmax.hello-worldTests";
				PRODUCT_NAME = "$(TARGET_NAME)";
				TEST_HOST = "$(BUILT_PRODUCTS_DIR)/hello-world.app/hello-world";
			};
			name = Debug;
		};
		43CB96A11F76B3BC00E6CF36 /* Release */ = {
			isa = XCBuildConfiguration;
			buildSettings = {
				BUNDLE_LOADER = "$(TEST_HOST)";
				DEVELOPMENT_TEAM = GH4YBKBN58;
				INFOPLIST_FILE = "hello-worldTests/Info.plist";
				LD_RUNPATH_SEARCH_PATHS = "$(inherited) @executable_path/Frameworks @loader_path/Frameworks";
				PRODUCT_BUNDLE_IDENTIFIER = "com.levelmax.hello-worldTests";
				PRODUCT_NAME = "$(TARGET_NAME)";
				TEST_HOST = "$(BUILT_PRODUCTS_DIR)/hello-world.app/hello-world";
			};
			name = Release;
		};
		B6A7F0881F656F3800E1CE26 /* Debug */ = {
			isa = XCBuildConfiguration;
			buildSettings = {
				ALWAYS_SEARCH_USER_PATHS = NO;
				CLANG_ANALYZER_NONNULL = YES;
				CLANG_ANALYZER_NUMBER_OBJECT_CONVERSION = YES_AGGRESSIVE;
				CLANG_CXX_LANGUAGE_STANDARD = "gnu++0x";
				CLANG_CXX_LIBRARY = "libc++";
				CLANG_ENABLE_MODULES = YES;
				CLANG_ENABLE_OBJC_ARC = YES;
				CLANG_WARN_BOOL_CONVERSION = YES;
				CLANG_WARN_CONSTANT_CONVERSION = YES;
				CLANG_WARN_DIRECT_OBJC_ISA_USAGE = YES_ERROR;
				CLANG_WARN_DOCUMENTATION_COMMENTS = YES;
				CLANG_WARN_EMPTY_BODY = YES;
				CLANG_WARN_ENUM_CONVERSION = YES;
				CLANG_WARN_INFINITE_RECURSION = YES;
				CLANG_WARN_INT_CONVERSION = YES;
				CLANG_WARN_OBJC_ROOT_CLASS = YES_ERROR;
				CLANG_WARN_SUSPICIOUS_MOVE = YES;
				CLANG_WARN_UNREACHABLE_CODE = YES;
				CLANG_WARN__DUPLICATE_METHOD_MATCH = YES;
				"CODE_SIGN_IDENTITY[sdk=iphoneos*]" = "iPhone Developer";
				COPY_PHASE_STRIP = NO;
				DEBUG_INFORMATION_FORMAT = dwarf;
				ENABLE_STRICT_OBJC_MSGSEND = YES;
				ENABLE_TESTABILITY = YES;
				GCC_C_LANGUAGE_STANDARD = gnu99;
				GCC_DYNAMIC_NO_PIC = NO;
				GCC_NO_COMMON_BLOCKS = YES;
				GCC_OPTIMIZATION_LEVEL = 0;
				GCC_PREPROCESSOR_DEFINITIONS = (
					"DEBUG=1",
					"$(inherited)",
				);
				GCC_WARN_64_TO_32_BIT_CONVERSION = YES;
				GCC_WARN_ABOUT_RETURN_TYPE = YES_ERROR;
				GCC_WARN_UNDECLARED_SELECTOR = YES;
				GCC_WARN_UNINITIALIZED_AUTOS = YES_AGGRESSIVE;
				GCC_WARN_UNUSED_FUNCTION = YES;
				GCC_WARN_UNUSED_VARIABLE = YES;
				IPHONEOS_DEPLOYMENT_TARGET = 10.3;
				MTL_ENABLE_DEBUG_INFO = YES;
				ONLY_ACTIVE_ARCH = YES;
				SDKROOT = iphoneos;
				TARGETED_DEVICE_FAMILY = "1,2";
			};
			name = Debug;
		};
		B6A7F0891F656F3800E1CE26 /* Release */ = {
			isa = XCBuildConfiguration;
			buildSettings = {
				ALWAYS_SEARCH_USER_PATHS = NO;
				CLANG_ANALYZER_NONNULL = YES;
				CLANG_ANALYZER_NUMBER_OBJECT_CONVERSION = YES_AGGRESSIVE;
				CLANG_CXX_LANGUAGE_STANDARD = "gnu++0x";
				CLANG_CXX_LIBRARY = "libc++";
				CLANG_ENABLE_MODULES = YES;
				CLANG_ENABLE_OBJC_ARC = YES;
				CLANG_WARN_BOOL_CONVERSION = YES;
				CLANG_WARN_CONSTANT_CONVERSION = YES;
				CLANG_WARN_DIRECT_OBJC_ISA_USAGE = YES_ERROR;
				CLANG_WARN_DOCUMENTATION_COMMENTS = YES;
				CLANG_WARN_EMPTY_BODY = YES;
				CLANG_WARN_ENUM_CONVERSION = YES;
				CLANG_WARN_INFINITE_RECURSION = YES;
				CLANG_WARN_INT_CONVERSION = YES;
				CLANG_WARN_OBJC_ROOT_CLASS = YES_ERROR;
				CLANG_WARN_SUSPICIOUS_MOVE = YES;
				CLANG_WARN_UNREACHABLE_CODE = YES;
				CLANG_WARN__DUPLICATE_METHOD_MATCH = YES;
				"CODE_SIGN_IDENTITY[sdk=iphoneos*]" = "iPhone Developer";
				COPY_PHASE_STRIP = NO;
				DEBUG_INFORMATION_FORMAT = "dwarf-with-dsym";
				ENABLE_NS_ASSERTIONS = NO;
				ENABLE_STRICT_OBJC_MSGSEND = YES;
				GCC_C_LANGUAGE_STANDARD = gnu99;
				GCC_NO_COMMON_BLOCKS = YES;
				GCC_WARN_64_TO_32_BIT_CONVERSION = YES;
				GCC_WARN_ABOUT_RETURN_TYPE = YES_ERROR;
				GCC_WARN_UNDECLARED_SELECTOR = YES;
				GCC_WARN_UNINITIALIZED_AUTOS = YES_AGGRESSIVE;
				GCC_WARN_UNUSED_FUNCTION = YES;
				GCC_WARN_UNUSED_VARIABLE = YES;
				IPHONEOS_DEPLOYMENT_TARGET = 10.3;
				MTL_ENABLE_DEBUG_INFO = NO;
				SDKROOT = iphoneos;
				TARGETED_DEVICE_FAMILY = "1,2";
				VALIDATE_PRODUCT = YES;
			};
			name = Release;
		};
		B6A7F08B1F656F3800E1CE26 /* Debug */ = {
			isa = XCBuildConfiguration;
			buildSettings = {
				ASSETCATALOG_COMPILER_APPICON_NAME = AppIcon;
				DEVELOPMENT_TEAM = GH4YBKBN58;
				HEADER_SEARCH_PATHS = (
					"$(SRCROOT)/src",
					"$(SRCROOT)/libs/stb_image",
					"$(SRCROOT)/libs/lodepng",
				);
				INFOPLIST_FILE = "hello-world/Info.plist";
				LD_RUNPATH_SEARCH_PATHS = "$(inherited) @executable_path/Frameworks";
				PRODUCT_BUNDLE_IDENTIFIER = com.levelmax.hello2;
				PRODUCT_NAME = "$(TARGET_NAME)";
			};
			name = Debug;
		};
		B6A7F08C1F656F3800E1CE26 /* Release */ = {
			isa = XCBuildConfiguration;
			buildSettings = {
				ASSETCATALOG_COMPILER_APPICON_NAME = AppIcon;
				DEVELOPMENT_TEAM = GH4YBKBN58;
				HEADER_SEARCH_PATHS = (
					"$(SRCROOT)/src",
					"$(SRCROOT)/libs/stb_image",
					"$(SRCROOT)/libs/lodepng",
				);
				INFOPLIST_FILE = "hello-world/Info.plist";
				LD_RUNPATH_SEARCH_PATHS = "$(inherited) @executable_path/Frameworks";
				PRODUCT_BUNDLE_IDENTIFIER = com.levelmax.hello2;
				PRODUCT_NAME = "$(TARGET_NAME)";
			};
			name = Release;
		};
/* End XCBuildConfiguration section */

/* Begin XCConfigurationList section */
		43CB969F1F76B3BC00E6CF36 /* Build configuration list for PBXNativeTarget "hello-worldTests" */ = {
			isa = XCConfigurationList;
			buildConfigurations = (
				43CB96A01F76B3BC00E6CF36 /* Debug */,
				43CB96A11F76B3BC00E6CF36 /* Release */,
			);
			defaultConfigurationIsVisible = 0;
			defaultConfigurationName = Release;
		};
		B6A7F06E1F656F3800E1CE26 /* Build configuration list for PBXProject "hello-world" */ = {
			isa = XCConfigurationList;
			buildConfigurations = (
				B6A7F0881F656F3800E1CE26 /* Debug */,
				B6A7F0891F656F3800E1CE26 /* Release */,
			);
			defaultConfigurationIsVisible = 0;
			defaultConfigurationName = Release;
		};
		B6A7F08A1F656F3800E1CE26 /* Build configuration list for PBXNativeTarget "hello-world" */ = {
			isa = XCConfigurationList;
			buildConfigurations = (
				B6A7F08B1F656F3800E1CE26 /* Debug */,
				B6A7F08C1F656F3800E1CE26 /* Release */,
			);
			defaultConfigurationIsVisible = 0;
			defaultConfigurationName = Release;
		};
/* End XCConfigurationList section */
	};
	rootObject = B6A7F06B1F656F3800E1CE26 /* Project object */;
}
