// !$*UTF8*$!
{
	archiveVersion = 1;
	classes = {
	};
	objectVersion = 48;
	objects = {

/* Begin PBXBuildFile section */
		430F7C021F83768000D0C98C /* cmds.cpp in Sources */ = {isa = PBXBuildFile; fileRef = 430F7C001F83768000D0C98C /* cmds.cpp */; };
		430F7CB81F8381DF00D0C98C /* lobject.c in Sources */ = {isa = PBXBuildFile; fileRef = 430F7C7E1F8381D700D0C98C /* lobject.c */; };
		430F7CB91F8381DF00D0C98C /* ldo.c in Sources */ = {isa = PBXBuildFile; fileRef = 430F7C7F1F8381D700D0C98C /* ldo.c */; };
		430F7CBA1F8381DF00D0C98C /* ltm.c in Sources */ = {isa = PBXBuildFile; fileRef = 430F7C801F8381D700D0C98C /* ltm.c */; };
		430F7CBB1F8381DF00D0C98C /* llex.c in Sources */ = {isa = PBXBuildFile; fileRef = 430F7C871F8381D700D0C98C /* llex.c */; };
		430F7CBC1F8381DF00D0C98C /* lauxlib.c in Sources */ = {isa = PBXBuildFile; fileRef = 430F7C8A1F8381D700D0C98C /* lauxlib.c */; };
		430F7CBD1F8381DF00D0C98C /* lopcodes.c in Sources */ = {isa = PBXBuildFile; fileRef = 430F7C8B1F8381D700D0C98C /* lopcodes.c */; };
		430F7CBE1F8381DF00D0C98C /* lgc.c in Sources */ = {isa = PBXBuildFile; fileRef = 430F7C8C1F8381D800D0C98C /* lgc.c */; };
		430F7CBF1F8381DF00D0C98C /* liolib.c in Sources */ = {isa = PBXBuildFile; fileRef = 430F7C8D1F8381D800D0C98C /* liolib.c */; };
		430F7CC01F8381DF00D0C98C /* lapi.c in Sources */ = {isa = PBXBuildFile; fileRef = 430F7C8E1F8381D800D0C98C /* lapi.c */; };
		430F7CC11F8381DF00D0C98C /* lstring.c in Sources */ = {isa = PBXBuildFile; fileRef = 430F7C911F8381D800D0C98C /* lstring.c */; };
		430F7CC21F8381DF00D0C98C /* lzio.c in Sources */ = {isa = PBXBuildFile; fileRef = 430F7C921F8381D800D0C98C /* lzio.c */; };
		430F7CC31F8381DF00D0C98C /* lvm.c in Sources */ = {isa = PBXBuildFile; fileRef = 430F7C931F8381D800D0C98C /* lvm.c */; };
		430F7CC41F8381DF00D0C98C /* lbaselib.c in Sources */ = {isa = PBXBuildFile; fileRef = 430F7C951F8381D900D0C98C /* lbaselib.c */; };
		430F7CC51F8381DF00D0C98C /* ldump.c in Sources */ = {isa = PBXBuildFile; fileRef = 430F7C981F8381D900D0C98C /* ldump.c */; };
		430F7CC61F8381DF00D0C98C /* lutf8lib.c in Sources */ = {isa = PBXBuildFile; fileRef = 430F7C9B1F8381DA00D0C98C /* lutf8lib.c */; };
		430F7CC71F8381DF00D0C98C /* lbitlib.c in Sources */ = {isa = PBXBuildFile; fileRef = 430F7C9D1F8381DA00D0C98C /* lbitlib.c */; };
		430F7CC81F8381DF00D0C98C /* lundump.c in Sources */ = {isa = PBXBuildFile; fileRef = 430F7CA01F8381DA00D0C98C /* lundump.c */; };
		430F7CC91F8381DF00D0C98C /* lmathlib.c in Sources */ = {isa = PBXBuildFile; fileRef = 430F7CA21F8381DB00D0C98C /* lmathlib.c */; };
		430F7CCA1F8381DF00D0C98C /* lstate.c in Sources */ = {isa = PBXBuildFile; fileRef = 430F7CA31F8381DB00D0C98C /* lstate.c */; };
		430F7CCB1F8381DF00D0C98C /* ltable.c in Sources */ = {isa = PBXBuildFile; fileRef = 430F7CA51F8381DB00D0C98C /* ltable.c */; };
		430F7CCC1F8381DF00D0C98C /* loslib.c in Sources */ = {isa = PBXBuildFile; fileRef = 430F7CA71F8381DC00D0C98C /* loslib.c */; };
		430F7CCD1F8381DF00D0C98C /* lstrlib.c in Sources */ = {isa = PBXBuildFile; fileRef = 430F7CA81F8381DC00D0C98C /* lstrlib.c */; };
		430F7CCE1F8381DF00D0C98C /* lparser.c in Sources */ = {isa = PBXBuildFile; fileRef = 430F7CA91F8381DC00D0C98C /* lparser.c */; };
		430F7CCF1F8381DF00D0C98C /* lctype.c in Sources */ = {isa = PBXBuildFile; fileRef = 430F7CAB1F8381DD00D0C98C /* lctype.c */; };
		430F7CD01F8381DF00D0C98C /* ldblib.c in Sources */ = {isa = PBXBuildFile; fileRef = 430F7CAD1F8381DD00D0C98C /* ldblib.c */; };
		430F7CD11F8381DF00D0C98C /* ltablib.c in Sources */ = {isa = PBXBuildFile; fileRef = 430F7CB01F8381DD00D0C98C /* ltablib.c */; };
		430F7CD21F8381DF00D0C98C /* linit.c in Sources */ = {isa = PBXBuildFile; fileRef = 430F7CB11F8381DE00D0C98C /* linit.c */; };
		430F7CD31F8381DF00D0C98C /* lcorolib.c in Sources */ = {isa = PBXBuildFile; fileRef = 430F7CB21F8381DE00D0C98C /* lcorolib.c */; };
		430F7CD41F8381DF00D0C98C /* lmem.c in Sources */ = {isa = PBXBuildFile; fileRef = 430F7CB31F8381DE00D0C98C /* lmem.c */; };
		430F7CD51F8381DF00D0C98C /* lfunc.c in Sources */ = {isa = PBXBuildFile; fileRef = 430F7CB41F8381DE00D0C98C /* lfunc.c */; };
		430F7CD61F8381DF00D0C98C /* ldebug.c in Sources */ = {isa = PBXBuildFile; fileRef = 430F7CB51F8381DE00D0C98C /* ldebug.c */; };
		430F7CD71F8381DF00D0C98C /* lcode.c in Sources */ = {isa = PBXBuildFile; fileRef = 430F7CB61F8381DE00D0C98C /* lcode.c */; };
		430F7CD81F8381DF00D0C98C /* loadlib.c in Sources */ = {isa = PBXBuildFile; fileRef = 430F7CB71F8381DF00D0C98C /* loadlib.c */; };
		430F7CDA1F8382C500D0C98C /* res in Copy Files */ = {isa = PBXBuildFile; fileRef = 430F7CD91F8382B700D0C98C /* res */; };
		430F7CDD1F83842200D0C98C /* lua_handler.cpp in Sources */ = {isa = PBXBuildFile; fileRef = 430F7CDB1F83842200D0C98C /* lua_handler.cpp */; };
		430F7CF21F83873000D0C98C /* fpconv.c in Sources */ = {isa = PBXBuildFile; fileRef = 430F7CE61F83871800D0C98C /* fpconv.c */; };
		430F7CF41F83873000D0C98C /* lua_cjson.c in Sources */ = {isa = PBXBuildFile; fileRef = 430F7CEE1F83871800D0C98C /* lua_cjson.c */; };
		430F7CF51F83873000D0C98C /* strbuf.c in Sources */ = {isa = PBXBuildFile; fileRef = 430F7CEF1F83871800D0C98C /* strbuf.c */; };
		430F7CFB1F83897D00D0C98C /* lua_editor.cpp in Sources */ = {isa = PBXBuildFile; fileRef = 430F7CFA1F83897D00D0C98C /* lua_editor.cpp */; };
		43AA98C51F83BB6200368AAD /* lua_imgui.cpp in Sources */ = {isa = PBXBuildFile; fileRef = 439DAB901F83BAAE00832952 /* lua_imgui.cpp */; };
		43AA98D01F83EEC100368AAD /* nfd_cocoa.m in Sources */ = {isa = PBXBuildFile; fileRef = 43AA98CB1F83EEB600368AAD /* nfd_cocoa.m */; };
		43AA98D11F83EEC500368AAD /* nfd_common.c in Sources */ = {isa = PBXBuildFile; fileRef = 43AA98CC1F83EEB600368AAD /* nfd_common.c */; };
		43AE73A31F83570100C4F941 /* level_editor.cpp in Sources */ = {isa = PBXBuildFile; fileRef = 43AE73A11F83570100C4F941 /* level_editor.cpp */; };
		B63FEBE91F7D4ED1001BD442 /* gl3w.c in Sources */ = {isa = PBXBuildFile; fileRef = B63FEBE51F7D4ED1001BD442 /* gl3w.c */; };
		B63FEBEA1F7D4EDD001BD442 /* imgui_impl_glfw_gl3.cpp in Sources */ = {isa = PBXBuildFile; fileRef = B63FEBE31F7D4C64001BD442 /* imgui_impl_glfw_gl3.cpp */; };
		B63FEBEB1F7D4EEA001BD442 /* imgui.cpp in Sources */ = {isa = PBXBuildFile; fileRef = B63FEBE01F7D4C34001BD442 /* imgui.cpp */; };
		B63FEBF01F7D4F7C001BD442 /* imgui_draw.cpp in Sources */ = {isa = PBXBuildFile; fileRef = B63FEBEF1F7D4F7C001BD442 /* imgui_draw.cpp */; };
		B63FEBF21F7D4FE1001BD442 /* imgui_demo.cpp in Sources */ = {isa = PBXBuildFile; fileRef = B63FEBF11F7D4FE0001BD442 /* imgui_demo.cpp */; };
		B66F9E031F7AB913002AF54D /* main.cpp in Sources */ = {isa = PBXBuildFile; fileRef = B66F9E021F7AB913002AF54D /* main.cpp */; };
		B66F9E061F7ABC42002AF54D /* OpenGL.framework in Frameworks */ = {isa = PBXBuildFile; fileRef = B66F9E051F7ABC42002AF54D /* OpenGL.framework */; };
		B6D098DD1F7ABE99003280F4 /* libglfw3.a in Frameworks */ = {isa = PBXBuildFile; fileRef = B6D098DC1F7ABE98003280F4 /* libglfw3.a */; };
		B6D098DF1F7ABEA6003280F4 /* Cocoa.framework in Frameworks */ = {isa = PBXBuildFile; fileRef = B6D098DE1F7ABEA6003280F4 /* Cocoa.framework */; };
		B6D098E11F7ABEDF003280F4 /* IOKit.framework in Frameworks */ = {isa = PBXBuildFile; fileRef = B6D098E01F7ABEDF003280F4 /* IOKit.framework */; };
		B6D098E51F7ABF31003280F4 /* CoreVideo.framework in Frameworks */ = {isa = PBXBuildFile; fileRef = B6D098E41F7ABF31003280F4 /* CoreVideo.framework */; };
/* End PBXBuildFile section */

/* Begin PBXCopyFilesBuildPhase section */
		B66F9DF51F7AB888002AF54D /* Copy Files */ = {
			isa = PBXCopyFilesBuildPhase;
			buildActionMask = 12;
			dstPath = .;
			dstSubfolderSpec = 16;
			files = (
				430F7CDA1F8382C500D0C98C /* res in Copy Files */,
			);
			name = "Copy Files";
			runOnlyForDeploymentPostprocessing = 0;
		};
/* End PBXCopyFilesBuildPhase section */

/* Begin PBXFileReference section */
		430F7C001F83768000D0C98C /* cmds.cpp */ = {isa = PBXFileReference; lastKnownFileType = sourcecode.cpp.cpp; path = cmds.cpp; sourceTree = "<group>"; };
		430F7C011F83768000D0C98C /* cmds.h */ = {isa = PBXFileReference; lastKnownFileType = sourcecode.c.h; path = cmds.h; sourceTree = "<group>"; };
		430F7C031F8376BD00D0C98C /* level_editor_common.h */ = {isa = PBXFileReference; lastKnownFileType = sourcecode.c.h; path = level_editor_common.h; sourceTree = "<group>"; };
		430F7C7D1F8381D700D0C98C /* lobject.h */ = {isa = PBXFileReference; fileEncoding = 4; lastKnownFileType = sourcecode.c.h; path = lobject.h; sourceTree = "<group>"; };
		430F7C7E1F8381D700D0C98C /* lobject.c */ = {isa = PBXFileReference; fileEncoding = 4; lastKnownFileType = sourcecode.c.c; path = lobject.c; sourceTree = "<group>"; };
		430F7C7F1F8381D700D0C98C /* ldo.c */ = {isa = PBXFileReference; fileEncoding = 4; lastKnownFileType = sourcecode.c.c; path = ldo.c; sourceTree = "<group>"; };
		430F7C801F8381D700D0C98C /* ltm.c */ = {isa = PBXFileReference; fileEncoding = 4; lastKnownFileType = sourcecode.c.c; path = ltm.c; sourceTree = "<group>"; };
		430F7C811F8381D700D0C98C /* lua.h */ = {isa = PBXFileReference; fileEncoding = 4; lastKnownFileType = sourcecode.c.h; path = lua.h; sourceTree = "<group>"; };
		430F7C821F8381D700D0C98C /* lmem.h */ = {isa = PBXFileReference; fileEncoding = 4; lastKnownFileType = sourcecode.c.h; path = lmem.h; sourceTree = "<group>"; };
		430F7C831F8381D700D0C98C /* lvm.h */ = {isa = PBXFileReference; fileEncoding = 4; lastKnownFileType = sourcecode.c.h; path = lvm.h; sourceTree = "<group>"; };
		430F7C841F8381D700D0C98C /* lua.hpp */ = {isa = PBXFileReference; fileEncoding = 4; lastKnownFileType = sourcecode.cpp.h; path = lua.hpp; sourceTree = "<group>"; };
		430F7C851F8381D700D0C98C /* lfunc.h */ = {isa = PBXFileReference; fileEncoding = 4; lastKnownFileType = sourcecode.c.h; path = lfunc.h; sourceTree = "<group>"; };
		430F7C861F8381D700D0C98C /* lgc.h */ = {isa = PBXFileReference; fileEncoding = 4; lastKnownFileType = sourcecode.c.h; path = lgc.h; sourceTree = "<group>"; };
		430F7C871F8381D700D0C98C /* llex.c */ = {isa = PBXFileReference; fileEncoding = 4; lastKnownFileType = sourcecode.c.c; path = llex.c; sourceTree = "<group>"; };
		430F7C881F8381D700D0C98C /* lopcodes.h */ = {isa = PBXFileReference; fileEncoding = 4; lastKnownFileType = sourcecode.c.h; path = lopcodes.h; sourceTree = "<group>"; };
		430F7C891F8381D700D0C98C /* lstring.h */ = {isa = PBXFileReference; fileEncoding = 4; lastKnownFileType = sourcecode.c.h; path = lstring.h; sourceTree = "<group>"; };
		430F7C8A1F8381D700D0C98C /* lauxlib.c */ = {isa = PBXFileReference; fileEncoding = 4; lastKnownFileType = sourcecode.c.c; path = lauxlib.c; sourceTree = "<group>"; };
		430F7C8B1F8381D700D0C98C /* lopcodes.c */ = {isa = PBXFileReference; fileEncoding = 4; lastKnownFileType = sourcecode.c.c; path = lopcodes.c; sourceTree = "<group>"; };
		430F7C8C1F8381D800D0C98C /* lgc.c */ = {isa = PBXFileReference; fileEncoding = 4; lastKnownFileType = sourcecode.c.c; path = lgc.c; sourceTree = "<group>"; };
		430F7C8D1F8381D800D0C98C /* liolib.c */ = {isa = PBXFileReference; fileEncoding = 4; lastKnownFileType = sourcecode.c.c; path = liolib.c; sourceTree = "<group>"; };
		430F7C8E1F8381D800D0C98C /* lapi.c */ = {isa = PBXFileReference; fileEncoding = 4; lastKnownFileType = sourcecode.c.c; path = lapi.c; sourceTree = "<group>"; };
		430F7C8F1F8381D800D0C98C /* ltable.h */ = {isa = PBXFileReference; fileEncoding = 4; lastKnownFileType = sourcecode.c.h; path = ltable.h; sourceTree = "<group>"; };
		430F7C901F8381D800D0C98C /* lstate.h */ = {isa = PBXFileReference; fileEncoding = 4; lastKnownFileType = sourcecode.c.h; path = lstate.h; sourceTree = "<group>"; };
		430F7C911F8381D800D0C98C /* lstring.c */ = {isa = PBXFileReference; fileEncoding = 4; lastKnownFileType = sourcecode.c.c; path = lstring.c; sourceTree = "<group>"; };
		430F7C921F8381D800D0C98C /* lzio.c */ = {isa = PBXFileReference; fileEncoding = 4; lastKnownFileType = sourcecode.c.c; path = lzio.c; sourceTree = "<group>"; };
		430F7C931F8381D800D0C98C /* lvm.c */ = {isa = PBXFileReference; fileEncoding = 4; lastKnownFileType = sourcecode.c.c; path = lvm.c; sourceTree = "<group>"; };
		430F7C941F8381D900D0C98C /* ldebug.h */ = {isa = PBXFileReference; fileEncoding = 4; lastKnownFileType = sourcecode.c.h; path = ldebug.h; sourceTree = "<group>"; };
		430F7C951F8381D900D0C98C /* lbaselib.c */ = {isa = PBXFileReference; fileEncoding = 4; lastKnownFileType = sourcecode.c.c; path = lbaselib.c; sourceTree = "<group>"; };
		430F7C961F8381D900D0C98C /* lctype.h */ = {isa = PBXFileReference; fileEncoding = 4; lastKnownFileType = sourcecode.c.h; path = lctype.h; sourceTree = "<group>"; };
		430F7C971F8381D900D0C98C /* lzio.h */ = {isa = PBXFileReference; fileEncoding = 4; lastKnownFileType = sourcecode.c.h; path = lzio.h; sourceTree = "<group>"; };
		430F7C981F8381D900D0C98C /* ldump.c */ = {isa = PBXFileReference; fileEncoding = 4; lastKnownFileType = sourcecode.c.c; path = ldump.c; sourceTree = "<group>"; };
		430F7C991F8381D900D0C98C /* llimits.h */ = {isa = PBXFileReference; fileEncoding = 4; lastKnownFileType = sourcecode.c.h; path = llimits.h; sourceTree = "<group>"; };
		430F7C9A1F8381D900D0C98C /* lapi.h */ = {isa = PBXFileReference; fileEncoding = 4; lastKnownFileType = sourcecode.c.h; path = lapi.h; sourceTree = "<group>"; };
		430F7C9B1F8381DA00D0C98C /* lutf8lib.c */ = {isa = PBXFileReference; fileEncoding = 4; lastKnownFileType = sourcecode.c.c; path = lutf8lib.c; sourceTree = "<group>"; };
		430F7C9C1F8381DA00D0C98C /* lcode.h */ = {isa = PBXFileReference; fileEncoding = 4; lastKnownFileType = sourcecode.c.h; path = lcode.h; sourceTree = "<group>"; };
		430F7C9D1F8381DA00D0C98C /* lbitlib.c */ = {isa = PBXFileReference; fileEncoding = 4; lastKnownFileType = sourcecode.c.c; path = lbitlib.c; sourceTree = "<group>"; };
		430F7C9E1F8381DA00D0C98C /* lprefix.h */ = {isa = PBXFileReference; fileEncoding = 4; lastKnownFileType = sourcecode.c.h; path = lprefix.h; sourceTree = "<group>"; };
		430F7C9F1F8381DA00D0C98C /* lualib.h */ = {isa = PBXFileReference; fileEncoding = 4; lastKnownFileType = sourcecode.c.h; path = lualib.h; sourceTree = "<group>"; };
		430F7CA01F8381DA00D0C98C /* lundump.c */ = {isa = PBXFileReference; fileEncoding = 4; lastKnownFileType = sourcecode.c.c; path = lundump.c; sourceTree = "<group>"; };
		430F7CA11F8381DB00D0C98C /* lauxlib.h */ = {isa = PBXFileReference; fileEncoding = 4; lastKnownFileType = sourcecode.c.h; path = lauxlib.h; sourceTree = "<group>"; };
		430F7CA21F8381DB00D0C98C /* lmathlib.c */ = {isa = PBXFileReference; fileEncoding = 4; lastKnownFileType = sourcecode.c.c; path = lmathlib.c; sourceTree = "<group>"; };
		430F7CA31F8381DB00D0C98C /* lstate.c */ = {isa = PBXFileReference; fileEncoding = 4; lastKnownFileType = sourcecode.c.c; path = lstate.c; sourceTree = "<group>"; };
		430F7CA41F8381DB00D0C98C /* ltm.h */ = {isa = PBXFileReference; fileEncoding = 4; lastKnownFileType = sourcecode.c.h; path = ltm.h; sourceTree = "<group>"; };
		430F7CA51F8381DB00D0C98C /* ltable.c */ = {isa = PBXFileReference; fileEncoding = 4; lastKnownFileType = sourcecode.c.c; path = ltable.c; sourceTree = "<group>"; };
		430F7CA61F8381DC00D0C98C /* luaconf.h */ = {isa = PBXFileReference; fileEncoding = 4; lastKnownFileType = sourcecode.c.h; path = luaconf.h; sourceTree = "<group>"; };
		430F7CA71F8381DC00D0C98C /* loslib.c */ = {isa = PBXFileReference; fileEncoding = 4; lastKnownFileType = sourcecode.c.c; path = loslib.c; sourceTree = "<group>"; };
		430F7CA81F8381DC00D0C98C /* lstrlib.c */ = {isa = PBXFileReference; fileEncoding = 4; lastKnownFileType = sourcecode.c.c; path = lstrlib.c; sourceTree = "<group>"; };
		430F7CA91F8381DC00D0C98C /* lparser.c */ = {isa = PBXFileReference; fileEncoding = 4; lastKnownFileType = sourcecode.c.c; path = lparser.c; sourceTree = "<group>"; };
		430F7CAA1F8381DC00D0C98C /* llex.h */ = {isa = PBXFileReference; fileEncoding = 4; lastKnownFileType = sourcecode.c.h; path = llex.h; sourceTree = "<group>"; };
		430F7CAB1F8381DD00D0C98C /* lctype.c */ = {isa = PBXFileReference; fileEncoding = 4; lastKnownFileType = sourcecode.c.c; path = lctype.c; sourceTree = "<group>"; };
		430F7CAC1F8381DD00D0C98C /* lparser.h */ = {isa = PBXFileReference; fileEncoding = 4; lastKnownFileType = sourcecode.c.h; path = lparser.h; sourceTree = "<group>"; };
		430F7CAD1F8381DD00D0C98C /* ldblib.c */ = {isa = PBXFileReference; fileEncoding = 4; lastKnownFileType = sourcecode.c.c; path = ldblib.c; sourceTree = "<group>"; };
		430F7CAE1F8381DD00D0C98C /* lundump.h */ = {isa = PBXFileReference; fileEncoding = 4; lastKnownFileType = sourcecode.c.h; path = lundump.h; sourceTree = "<group>"; };
		430F7CAF1F8381DD00D0C98C /* ldo.h */ = {isa = PBXFileReference; fileEncoding = 4; lastKnownFileType = sourcecode.c.h; path = ldo.h; sourceTree = "<group>"; };
		430F7CB01F8381DD00D0C98C /* ltablib.c */ = {isa = PBXFileReference; fileEncoding = 4; lastKnownFileType = sourcecode.c.c; path = ltablib.c; sourceTree = "<group>"; };
		430F7CB11F8381DE00D0C98C /* linit.c */ = {isa = PBXFileReference; fileEncoding = 4; lastKnownFileType = sourcecode.c.c; path = linit.c; sourceTree = "<group>"; };
		430F7CB21F8381DE00D0C98C /* lcorolib.c */ = {isa = PBXFileReference; fileEncoding = 4; lastKnownFileType = sourcecode.c.c; path = lcorolib.c; sourceTree = "<group>"; };
		430F7CB31F8381DE00D0C98C /* lmem.c */ = {isa = PBXFileReference; fileEncoding = 4; lastKnownFileType = sourcecode.c.c; path = lmem.c; sourceTree = "<group>"; };
		430F7CB41F8381DE00D0C98C /* lfunc.c */ = {isa = PBXFileReference; fileEncoding = 4; lastKnownFileType = sourcecode.c.c; path = lfunc.c; sourceTree = "<group>"; };
		430F7CB51F8381DE00D0C98C /* ldebug.c */ = {isa = PBXFileReference; fileEncoding = 4; lastKnownFileType = sourcecode.c.c; path = ldebug.c; sourceTree = "<group>"; };
		430F7CB61F8381DE00D0C98C /* lcode.c */ = {isa = PBXFileReference; fileEncoding = 4; lastKnownFileType = sourcecode.c.c; path = lcode.c; sourceTree = "<group>"; };
		430F7CB71F8381DF00D0C98C /* loadlib.c */ = {isa = PBXFileReference; fileEncoding = 4; lastKnownFileType = sourcecode.c.c; path = loadlib.c; sourceTree = "<group>"; };
		430F7CD91F8382B700D0C98C /* res */ = {isa = PBXFileReference; lastKnownFileType = folder; name = res; path = ../res; sourceTree = "<group>"; };
		430F7CDB1F83842200D0C98C /* lua_handler.cpp */ = {isa = PBXFileReference; lastKnownFileType = sourcecode.cpp.cpp; path = lua_handler.cpp; sourceTree = "<group>"; };
		430F7CDC1F83842200D0C98C /* lua_handler.h */ = {isa = PBXFileReference; lastKnownFileType = sourcecode.c.h; path = lua_handler.h; sourceTree = "<group>"; };
		430F7CE61F83871800D0C98C /* fpconv.c */ = {isa = PBXFileReference; lastKnownFileType = sourcecode.c.c; path = fpconv.c; sourceTree = "<group>"; };
		430F7CE71F83871800D0C98C /* fpconv.h */ = {isa = PBXFileReference; lastKnownFileType = sourcecode.c.h; path = fpconv.h; sourceTree = "<group>"; };
		430F7CEE1F83871800D0C98C /* lua_cjson.c */ = {isa = PBXFileReference; lastKnownFileType = sourcecode.c.c; path = lua_cjson.c; sourceTree = "<group>"; };
		430F7CEF1F83871800D0C98C /* strbuf.c */ = {isa = PBXFileReference; lastKnownFileType = sourcecode.c.c; path = strbuf.c; sourceTree = "<group>"; };
		430F7CF01F83871800D0C98C /* strbuf.h */ = {isa = PBXFileReference; lastKnownFileType = sourcecode.c.h; path = strbuf.h; sourceTree = "<group>"; };
		430F7CF91F83897D00D0C98C /* lua_editor.h */ = {isa = PBXFileReference; lastKnownFileType = sourcecode.c.h; path = lua_editor.h; sourceTree = "<group>"; };
		430F7CFA1F83897D00D0C98C /* lua_editor.cpp */ = {isa = PBXFileReference; lastKnownFileType = sourcecode.cpp.cpp; path = lua_editor.cpp; sourceTree = "<group>"; };
		439DAB901F83BAAE00832952 /* lua_imgui.cpp */ = {isa = PBXFileReference; lastKnownFileType = sourcecode.cpp.cpp; path = lua_imgui.cpp; sourceTree = "<group>"; };
		439DAB911F83BAAE00832952 /* lua_imgui.h */ = {isa = PBXFileReference; lastKnownFileType = sourcecode.c.h; path = lua_imgui.h; sourceTree = "<group>"; };
		43AA98C81F83EEB600368AAD /* common.h */ = {isa = PBXFileReference; lastKnownFileType = sourcecode.c.h; path = common.h; sourceTree = "<group>"; };
		43AA98CA1F83EEB600368AAD /* nfd.h */ = {isa = PBXFileReference; lastKnownFileType = sourcecode.c.h; path = nfd.h; sourceTree = "<group>"; };
		43AA98CB1F83EEB600368AAD /* nfd_cocoa.m */ = {isa = PBXFileReference; lastKnownFileType = sourcecode.c.objc; path = nfd_cocoa.m; sourceTree = "<group>"; };
		43AA98CC1F83EEB600368AAD /* nfd_common.c */ = {isa = PBXFileReference; lastKnownFileType = sourcecode.c.c; path = nfd_common.c; sourceTree = "<group>"; };
		43AA98CD1F83EEB600368AAD /* nfd_common.h */ = {isa = PBXFileReference; lastKnownFileType = sourcecode.c.h; path = nfd_common.h; sourceTree = "<group>"; };
		43AE73A11F83570100C4F941 /* level_editor.cpp */ = {isa = PBXFileReference; lastKnownFileType = sourcecode.cpp.cpp; path = level_editor.cpp; sourceTree = "<group>"; };
		43AE73A21F83570100C4F941 /* level_editor.h */ = {isa = PBXFileReference; lastKnownFileType = sourcecode.c.h; path = level_editor.h; sourceTree = "<group>"; };
		B63FEBDF1F7D4C34001BD442 /* imconfig.h */ = {isa = PBXFileReference; lastKnownFileType = sourcecode.c.h; path = imconfig.h; sourceTree = "<group>"; };
		B63FEBE01F7D4C34001BD442 /* imgui.cpp */ = {isa = PBXFileReference; lastKnownFileType = sourcecode.cpp.cpp; path = imgui.cpp; sourceTree = "<group>"; };
		B63FEBE11F7D4C34001BD442 /* imgui.h */ = {isa = PBXFileReference; lastKnownFileType = sourcecode.c.h; path = imgui.h; sourceTree = "<group>"; };
		B63FEBE21F7D4C34001BD442 /* imgui_internal.h */ = {isa = PBXFileReference; lastKnownFileType = sourcecode.c.h; path = imgui_internal.h; sourceTree = "<group>"; };
		B63FEBE31F7D4C64001BD442 /* imgui_impl_glfw_gl3.cpp */ = {isa = PBXFileReference; lastKnownFileType = sourcecode.cpp.cpp; path = imgui_impl_glfw_gl3.cpp; sourceTree = "<group>"; };
		B63FEBE41F7D4C64001BD442 /* imgui_impl_glfw_gl3.h */ = {isa = PBXFileReference; lastKnownFileType = sourcecode.c.h; path = imgui_impl_glfw_gl3.h; sourceTree = "<group>"; };
		B63FEBE51F7D4ED1001BD442 /* gl3w.c */ = {isa = PBXFileReference; fileEncoding = 4; lastKnownFileType = sourcecode.c.c; path = gl3w.c; sourceTree = "<group>"; };
		B63FEBE71F7D4ED1001BD442 /* gl3w.h */ = {isa = PBXFileReference; fileEncoding = 4; lastKnownFileType = sourcecode.c.h; path = gl3w.h; sourceTree = "<group>"; };
		B63FEBE81F7D4ED1001BD442 /* glcorearb.h */ = {isa = PBXFileReference; fileEncoding = 4; lastKnownFileType = sourcecode.c.h; path = glcorearb.h; sourceTree = "<group>"; };
		B63FEBEC1F7D4F23001BD442 /* stb_rect_pack.h */ = {isa = PBXFileReference; fileEncoding = 4; lastKnownFileType = sourcecode.c.h; path = stb_rect_pack.h; sourceTree = "<group>"; };
		B63FEBED1F7D4F23001BD442 /* stb_textedit.h */ = {isa = PBXFileReference; fileEncoding = 4; lastKnownFileType = sourcecode.c.h; path = stb_textedit.h; sourceTree = "<group>"; };
		B63FEBEE1F7D4F23001BD442 /* stb_truetype.h */ = {isa = PBXFileReference; fileEncoding = 4; lastKnownFileType = sourcecode.c.h; path = stb_truetype.h; sourceTree = "<group>"; };
		B63FEBEF1F7D4F7C001BD442 /* imgui_draw.cpp */ = {isa = PBXFileReference; lastKnownFileType = sourcecode.cpp.cpp; path = imgui_draw.cpp; sourceTree = "<group>"; };
		B63FEBF11F7D4FE0001BD442 /* imgui_demo.cpp */ = {isa = PBXFileReference; lastKnownFileType = sourcecode.cpp.cpp; path = imgui_demo.cpp; sourceTree = "<group>"; };
		B66F9DF71F7AB888002AF54D /* seal2d-gt */ = {isa = PBXFileReference; explicitFileType = "compiled.mach-o.executable"; includeInIndex = 0; path = "seal2d-gt"; sourceTree = BUILT_PRODUCTS_DIR; };
		B66F9E021F7AB913002AF54D /* main.cpp */ = {isa = PBXFileReference; lastKnownFileType = sourcecode.cpp.cpp; path = main.cpp; sourceTree = "<group>"; };
		B66F9E051F7ABC42002AF54D /* OpenGL.framework */ = {isa = PBXFileReference; lastKnownFileType = wrapper.framework; name = OpenGL.framework; path = System/Library/Frameworks/OpenGL.framework; sourceTree = SDKROOT; };
		B6D098DC1F7ABE98003280F4 /* libglfw3.a */ = {isa = PBXFileReference; lastKnownFileType = archive.ar; name = libglfw3.a; path = ../libs/osx/glfw/lib/libglfw3.a; sourceTree = "<group>"; };
		B6D098DE1F7ABEA6003280F4 /* Cocoa.framework */ = {isa = PBXFileReference; lastKnownFileType = wrapper.framework; name = Cocoa.framework; path = System/Library/Frameworks/Cocoa.framework; sourceTree = SDKROOT; };
		B6D098E01F7ABEDF003280F4 /* IOKit.framework */ = {isa = PBXFileReference; lastKnownFileType = wrapper.framework; name = IOKit.framework; path = System/Library/Frameworks/IOKit.framework; sourceTree = SDKROOT; };
		B6D098E21F7ABEE4003280F4 /* CoreAudio.framework */ = {isa = PBXFileReference; lastKnownFileType = wrapper.framework; name = CoreAudio.framework; path = System/Library/Frameworks/CoreAudio.framework; sourceTree = SDKROOT; };
		B6D098E41F7ABF31003280F4 /* CoreVideo.framework */ = {isa = PBXFileReference; lastKnownFileType = wrapper.framework; name = CoreVideo.framework; path = System/Library/Frameworks/CoreVideo.framework; sourceTree = SDKROOT; };
/* End PBXFileReference section */

/* Begin PBXFrameworksBuildPhase section */
		B66F9DF41F7AB888002AF54D /* Frameworks */ = {
			isa = PBXFrameworksBuildPhase;
			buildActionMask = 2147483647;
			files = (
				B6D098E51F7ABF31003280F4 /* CoreVideo.framework in Frameworks */,
				B6D098E11F7ABEDF003280F4 /* IOKit.framework in Frameworks */,
				B6D098DF1F7ABEA6003280F4 /* Cocoa.framework in Frameworks */,
				B6D098DD1F7ABE99003280F4 /* libglfw3.a in Frameworks */,
				B66F9E061F7ABC42002AF54D /* OpenGL.framework in Frameworks */,
			);
			runOnlyForDeploymentPostprocessing = 0;
		};
/* End PBXFrameworksBuildPhase section */

/* Begin PBXGroup section */
		430F7C3C1F837FEC00D0C98C /* lua-5.3.4 */ = {
			isa = PBXGroup;
			children = (
				430F7C8E1F8381D800D0C98C /* lapi.c */,
				430F7C9A1F8381D900D0C98C /* lapi.h */,
				430F7C8A1F8381D700D0C98C /* lauxlib.c */,
				430F7CA11F8381DB00D0C98C /* lauxlib.h */,
				430F7C951F8381D900D0C98C /* lbaselib.c */,
				430F7C9D1F8381DA00D0C98C /* lbitlib.c */,
				430F7CB61F8381DE00D0C98C /* lcode.c */,
				430F7C9C1F8381DA00D0C98C /* lcode.h */,
				430F7CB21F8381DE00D0C98C /* lcorolib.c */,
				430F7CAB1F8381DD00D0C98C /* lctype.c */,
				430F7C961F8381D900D0C98C /* lctype.h */,
				430F7CAD1F8381DD00D0C98C /* ldblib.c */,
				430F7CB51F8381DE00D0C98C /* ldebug.c */,
				430F7C941F8381D900D0C98C /* ldebug.h */,
				430F7C7F1F8381D700D0C98C /* ldo.c */,
				430F7CAF1F8381DD00D0C98C /* ldo.h */,
				430F7C981F8381D900D0C98C /* ldump.c */,
				430F7CB41F8381DE00D0C98C /* lfunc.c */,
				430F7C851F8381D700D0C98C /* lfunc.h */,
				430F7C8C1F8381D800D0C98C /* lgc.c */,
				430F7C861F8381D700D0C98C /* lgc.h */,
				430F7CB11F8381DE00D0C98C /* linit.c */,
				430F7C8D1F8381D800D0C98C /* liolib.c */,
				430F7C871F8381D700D0C98C /* llex.c */,
				430F7CAA1F8381DC00D0C98C /* llex.h */,
				430F7C991F8381D900D0C98C /* llimits.h */,
				430F7CA21F8381DB00D0C98C /* lmathlib.c */,
				430F7CB31F8381DE00D0C98C /* lmem.c */,
				430F7C821F8381D700D0C98C /* lmem.h */,
				430F7CB71F8381DF00D0C98C /* loadlib.c */,
				430F7C7E1F8381D700D0C98C /* lobject.c */,
				430F7C7D1F8381D700D0C98C /* lobject.h */,
				430F7C8B1F8381D700D0C98C /* lopcodes.c */,
				430F7C881F8381D700D0C98C /* lopcodes.h */,
				430F7CA71F8381DC00D0C98C /* loslib.c */,
				430F7CA91F8381DC00D0C98C /* lparser.c */,
				430F7CAC1F8381DD00D0C98C /* lparser.h */,
				430F7C9E1F8381DA00D0C98C /* lprefix.h */,
				430F7CA31F8381DB00D0C98C /* lstate.c */,
				430F7C901F8381D800D0C98C /* lstate.h */,
				430F7C911F8381D800D0C98C /* lstring.c */,
				430F7C891F8381D700D0C98C /* lstring.h */,
				430F7CA81F8381DC00D0C98C /* lstrlib.c */,
				430F7CA51F8381DB00D0C98C /* ltable.c */,
				430F7C8F1F8381D800D0C98C /* ltable.h */,
				430F7CB01F8381DD00D0C98C /* ltablib.c */,
				430F7C801F8381D700D0C98C /* ltm.c */,
				430F7CA41F8381DB00D0C98C /* ltm.h */,
				430F7C811F8381D700D0C98C /* lua.h */,
				430F7C841F8381D700D0C98C /* lua.hpp */,
				430F7CA61F8381DC00D0C98C /* luaconf.h */,
				430F7C9F1F8381DA00D0C98C /* lualib.h */,
				430F7CA01F8381DA00D0C98C /* lundump.c */,
				430F7CAE1F8381DD00D0C98C /* lundump.h */,
				430F7C9B1F8381DA00D0C98C /* lutf8lib.c */,
				430F7C931F8381D800D0C98C /* lvm.c */,
				430F7C831F8381D700D0C98C /* lvm.h */,
				430F7C921F8381D800D0C98C /* lzio.c */,
				430F7C971F8381D900D0C98C /* lzio.h */,
			);
			path = "lua-5.3.4";
			sourceTree = "<group>";
		};
		430F7CE11F83871800D0C98C /* lua-cjson */ = {
			isa = PBXGroup;
			children = (
				430F7CE61F83871800D0C98C /* fpconv.c */,
				430F7CE71F83871800D0C98C /* fpconv.h */,
				430F7CEE1F83871800D0C98C /* lua_cjson.c */,
				430F7CEF1F83871800D0C98C /* strbuf.c */,
				430F7CF01F83871800D0C98C /* strbuf.h */,
			);
			path = "lua-cjson";
			sourceTree = "<group>";
		};
		430F7CF81F83896E00D0C98C /* luabinding */ = {
			isa = PBXGroup;
			children = (
				430F7CFA1F83897D00D0C98C /* lua_editor.cpp */,
				430F7CF91F83897D00D0C98C /* lua_editor.h */,
				430F7CDB1F83842200D0C98C /* lua_handler.cpp */,
				430F7CDC1F83842200D0C98C /* lua_handler.h */,
			);
			name = luabinding;
			sourceTree = "<group>";
		};
		439DAB8F1F83BAAE00832952 /* lua-imgui */ = {
			isa = PBXGroup;
			children = (
				439DAB901F83BAAE00832952 /* lua_imgui.cpp */,
				439DAB911F83BAAE00832952 /* lua_imgui.h */,
			);
			path = "lua-imgui";
			sourceTree = "<group>";
		};
		43AA98C71F83EEB600368AAD /* nativefiledialog */ = {
			isa = PBXGroup;
			children = (
				43AA98C81F83EEB600368AAD /* common.h */,
				43AA98C91F83EEB600368AAD /* include */,
				43AA98CB1F83EEB600368AAD /* nfd_cocoa.m */,
				43AA98CC1F83EEB600368AAD /* nfd_common.c */,
				43AA98CD1F83EEB600368AAD /* nfd_common.h */,
			);
			path = nativefiledialog;
			sourceTree = "<group>";
		};
		43AA98C91F83EEB600368AAD /* include */ = {
			isa = PBXGroup;
			children = (
				43AA98CA1F83EEB600368AAD /* nfd.h */,
			);
			path = include;
			sourceTree = "<group>";
		};
		B63FEBDC1F7D4C26001BD442 /* libs */ = {
			isa = PBXGroup;
			children = (
				B63FEBDD1F7D4C34001BD442 /* common */,
			);
			name = libs;
			path = ../libs;
			sourceTree = "<group>";
		};
		B63FEBDD1F7D4C34001BD442 /* common */ = {
			isa = PBXGroup;
			children = (
				43AA98C71F83EEB600368AAD /* nativefiledialog */,
				439DAB8F1F83BAAE00832952 /* lua-imgui */,
				430F7CE11F83871800D0C98C /* lua-cjson */,
				430F7C3C1F837FEC00D0C98C /* lua-5.3.4 */,
				B63FEBDE1F7D4C34001BD442 /* imgui */,
			);
			path = common;
			sourceTree = "<group>";
		};
		B63FEBDE1F7D4C34001BD442 /* imgui */ = {
			isa = PBXGroup;
			children = (
				B63FEBF11F7D4FE0001BD442 /* imgui_demo.cpp */,
				B63FEBEF1F7D4F7C001BD442 /* imgui_draw.cpp */,
				B63FEBEC1F7D4F23001BD442 /* stb_rect_pack.h */,
				B63FEBED1F7D4F23001BD442 /* stb_textedit.h */,
				B63FEBEE1F7D4F23001BD442 /* stb_truetype.h */,
				B63FEBE61F7D4ED1001BD442 /* GL */,
				B63FEBE51F7D4ED1001BD442 /* gl3w.c */,
				B63FEBE31F7D4C64001BD442 /* imgui_impl_glfw_gl3.cpp */,
				B63FEBE41F7D4C64001BD442 /* imgui_impl_glfw_gl3.h */,
				B63FEBDF1F7D4C34001BD442 /* imconfig.h */,
				B63FEBE01F7D4C34001BD442 /* imgui.cpp */,
				B63FEBE11F7D4C34001BD442 /* imgui.h */,
				B63FEBE21F7D4C34001BD442 /* imgui_internal.h */,
			);
			path = imgui;
			sourceTree = "<group>";
		};
		B63FEBE61F7D4ED1001BD442 /* GL */ = {
			isa = PBXGroup;
			children = (
				B63FEBE71F7D4ED1001BD442 /* gl3w.h */,
				B63FEBE81F7D4ED1001BD442 /* glcorearb.h */,
			);
			path = GL;
			sourceTree = "<group>";
		};
		B66F9DEE1F7AB888002AF54D = {
			isa = PBXGroup;
			children = (
				B63FEBDC1F7D4C26001BD442 /* libs */,
				B66F9E011F7AB90A002AF54D /* src */,
				430F7CD91F8382B700D0C98C /* res */,
				B66F9DF81F7AB888002AF54D /* Products */,
				B66F9E041F7ABC42002AF54D /* Frameworks */,
			);
			sourceTree = "<group>";
		};
		B66F9DF81F7AB888002AF54D /* Products */ = {
			isa = PBXGroup;
			children = (
				B66F9DF71F7AB888002AF54D /* seal2d-gt */,
			);
			name = Products;
			sourceTree = "<group>";
		};
		B66F9E011F7AB90A002AF54D /* src */ = {
			isa = PBXGroup;
			children = (
				430F7CF81F83896E00D0C98C /* luabinding */,
				B66F9E021F7AB913002AF54D /* main.cpp */,
				43AE73A11F83570100C4F941 /* level_editor.cpp */,
				43AE73A21F83570100C4F941 /* level_editor.h */,
				430F7C001F83768000D0C98C /* cmds.cpp */,
				430F7C011F83768000D0C98C /* cmds.h */,
				430F7C031F8376BD00D0C98C /* level_editor_common.h */,
			);
			name = src;
			path = ../src;
			sourceTree = "<group>";
		};
		B66F9E041F7ABC42002AF54D /* Frameworks */ = {
			isa = PBXGroup;
			children = (
				B6D098E41F7ABF31003280F4 /* CoreVideo.framework */,
				B6D098E21F7ABEE4003280F4 /* CoreAudio.framework */,
				B6D098E01F7ABEDF003280F4 /* IOKit.framework */,
				B6D098DE1F7ABEA6003280F4 /* Cocoa.framework */,
				B6D098DC1F7ABE98003280F4 /* libglfw3.a */,
				B66F9E051F7ABC42002AF54D /* OpenGL.framework */,
			);
			name = Frameworks;
			sourceTree = "<group>";
		};
/* End PBXGroup section */

/* Begin PBXNativeTarget section */
		B66F9DF61F7AB888002AF54D /* seal2d-gt */ = {
			isa = PBXNativeTarget;
			buildConfigurationList = B66F9DFE1F7AB888002AF54D /* Build configuration list for PBXNativeTarget "seal2d-gt" */;
			buildPhases = (
				B66F9DF31F7AB888002AF54D /* Sources */,
				B66F9DF41F7AB888002AF54D /* Frameworks */,
				B66F9DF51F7AB888002AF54D /* Copy Files */,
			);
			buildRules = (
			);
			dependencies = (
			);
			name = "seal2d-gt";
			productName = "seal2d-gt";
			productReference = B66F9DF71F7AB888002AF54D /* seal2d-gt */;
			productType = "com.apple.product-type.tool";
		};
/* End PBXNativeTarget section */

/* Begin PBXProject section */
		B66F9DEF1F7AB888002AF54D /* Project object */ = {
			isa = PBXProject;
			attributes = {
				LastUpgradeCheck = 0900;
				ORGANIZATIONNAME = levelmax;
				TargetAttributes = {
					B66F9DF61F7AB888002AF54D = {
						CreatedOnToolsVersion = 9.0;
						ProvisioningStyle = Automatic;
					};
				};
			};
			buildConfigurationList = B66F9DF21F7AB888002AF54D /* Build configuration list for PBXProject "seal2d-gt" */;
			compatibilityVersion = "Xcode 8.0";
			developmentRegion = en;
			hasScannedForEncodings = 0;
			knownRegions = (
				en,
			);
			mainGroup = B66F9DEE1F7AB888002AF54D;
			productRefGroup = B66F9DF81F7AB888002AF54D /* Products */;
			projectDirPath = "";
			projectRoot = "";
			targets = (
				B66F9DF61F7AB888002AF54D /* seal2d-gt */,
			);
		};
/* End PBXProject section */

/* Begin PBXSourcesBuildPhase section */
		B66F9DF31F7AB888002AF54D /* Sources */ = {
			isa = PBXSourcesBuildPhase;
			buildActionMask = 2147483647;
			files = (
				430F7CD51F8381DF00D0C98C /* lfunc.c in Sources */,
				430F7CD21F8381DF00D0C98C /* linit.c in Sources */,
				430F7CBB1F8381DF00D0C98C /* llex.c in Sources */,
				430F7CB91F8381DF00D0C98C /* ldo.c in Sources */,
				430F7CD31F8381DF00D0C98C /* lcorolib.c in Sources */,
				43AA98D11F83EEC500368AAD /* nfd_common.c in Sources */,
				430F7CD01F8381DF00D0C98C /* ldblib.c in Sources */,
				430F7CF41F83873000D0C98C /* lua_cjson.c in Sources */,
				430F7CC71F8381DF00D0C98C /* lbitlib.c in Sources */,
				430F7C021F83768000D0C98C /* cmds.cpp in Sources */,
				430F7CF21F83873000D0C98C /* fpconv.c in Sources */,
				430F7CBA1F8381DF00D0C98C /* ltm.c in Sources */,
				430F7CC41F8381DF00D0C98C /* lbaselib.c in Sources */,
				430F7CC21F8381DF00D0C98C /* lzio.c in Sources */,
				430F7CBF1F8381DF00D0C98C /* liolib.c in Sources */,
				430F7CFB1F83897D00D0C98C /* lua_editor.cpp in Sources */,
				430F7CDD1F83842200D0C98C /* lua_handler.cpp in Sources */,
				430F7CC11F8381DF00D0C98C /* lstring.c in Sources */,
				430F7CCF1F8381DF00D0C98C /* lctype.c in Sources */,
				43AA98D01F83EEC100368AAD /* nfd_cocoa.m in Sources */,
				430F7CBC1F8381DF00D0C98C /* lauxlib.c in Sources */,
				430F7CC01F8381DF00D0C98C /* lapi.c in Sources */,
				43AE73A31F83570100C4F941 /* level_editor.cpp in Sources */,
				430F7CBD1F8381DF00D0C98C /* lopcodes.c in Sources */,
				430F7CD41F8381DF00D0C98C /* lmem.c in Sources */,
				430F7CCD1F8381DF00D0C98C /* lstrlib.c in Sources */,
				430F7CCA1F8381DF00D0C98C /* lstate.c in Sources */,
				430F7CC61F8381DF00D0C98C /* lutf8lib.c in Sources */,
				430F7CC31F8381DF00D0C98C /* lvm.c in Sources */,
				430F7CC51F8381DF00D0C98C /* ldump.c in Sources */,
				430F7CCE1F8381DF00D0C98C /* lparser.c in Sources */,
				430F7CB81F8381DF00D0C98C /* lobject.c in Sources */,
				B63FEBE91F7D4ED1001BD442 /* gl3w.c in Sources */,
				43AA98C51F83BB6200368AAD /* lua_imgui.cpp in Sources */,
				B63FEBEB1F7D4EEA001BD442 /* imgui.cpp in Sources */,
				430F7CC91F8381DF00D0C98C /* lmathlib.c in Sources */,
				430F7CD71F8381DF00D0C98C /* lcode.c in Sources */,
				B63FEBF21F7D4FE1001BD442 /* imgui_demo.cpp in Sources */,
				430F7CD11F8381DF00D0C98C /* ltablib.c in Sources */,
				430F7CBE1F8381DF00D0C98C /* lgc.c in Sources */,
				430F7CCC1F8381DF00D0C98C /* loslib.c in Sources */,
				B66F9E031F7AB913002AF54D /* main.cpp in Sources */,
				430F7CC81F8381DF00D0C98C /* lundump.c in Sources */,
				430F7CD81F8381DF00D0C98C /* loadlib.c in Sources */,
				430F7CD61F8381DF00D0C98C /* ldebug.c in Sources */,
				B63FEBF01F7D4F7C001BD442 /* imgui_draw.cpp in Sources */,
				B63FEBEA1F7D4EDD001BD442 /* imgui_impl_glfw_gl3.cpp in Sources */,
				430F7CCB1F8381DF00D0C98C /* ltable.c in Sources */,
				430F7CF51F83873000D0C98C /* strbuf.c in Sources */,
			);
			runOnlyForDeploymentPostprocessing = 0;
		};
/* End PBXSourcesBuildPhase section */

/* Begin XCBuildConfiguration section */
		B66F9DFC1F7AB888002AF54D /* Debug */ = {
			isa = XCBuildConfiguration;
			buildSettings = {
				ALWAYS_SEARCH_USER_PATHS = NO;
				CLANG_ANALYZER_NONNULL = YES;
				CLANG_ANALYZER_NUMBER_OBJECT_CONVERSION = YES_AGGRESSIVE;
				CLANG_CXX_LANGUAGE_STANDARD = "gnu++14";
				CLANG_CXX_LIBRARY = "libc++";
				CLANG_ENABLE_MODULES = YES;
				CLANG_ENABLE_OBJC_ARC = YES;
				CLANG_WARN_BLOCK_CAPTURE_AUTORELEASING = YES;
				CLANG_WARN_BOOL_CONVERSION = YES;
				CLANG_WARN_COMMA = YES;
				CLANG_WARN_CONSTANT_CONVERSION = YES;
				CLANG_WARN_DIRECT_OBJC_ISA_USAGE = YES_ERROR;
				CLANG_WARN_DOCUMENTATION_COMMENTS = YES;
				CLANG_WARN_EMPTY_BODY = YES;
				CLANG_WARN_ENUM_CONVERSION = YES;
				CLANG_WARN_INFINITE_RECURSION = YES;
				CLANG_WARN_INT_CONVERSION = YES;
				CLANG_WARN_NON_LITERAL_NULL_CONVERSION = YES;
				CLANG_WARN_OBJC_LITERAL_CONVERSION = YES;
				CLANG_WARN_OBJC_ROOT_CLASS = YES_ERROR;
				CLANG_WARN_RANGE_LOOP_ANALYSIS = YES;
				CLANG_WARN_STRICT_PROTOTYPES = YES;
				CLANG_WARN_SUSPICIOUS_MOVE = YES;
				CLANG_WARN_UNGUARDED_AVAILABILITY = YES_AGGRESSIVE;
				CLANG_WARN_UNREACHABLE_CODE = YES;
				CLANG_WARN__DUPLICATE_METHOD_MATCH = YES;
				CODE_SIGN_IDENTITY = "Mac Developer";
				COPY_PHASE_STRIP = NO;
				DEBUG_INFORMATION_FORMAT = dwarf;
				ENABLE_STRICT_OBJC_MSGSEND = YES;
				ENABLE_TESTABILITY = YES;
				GCC_C_LANGUAGE_STANDARD = gnu11;
				GCC_DYNAMIC_NO_PIC = NO;
				GCC_NO_COMMON_BLOCKS = YES;
				GCC_OPTIMIZATION_LEVEL = 0;
				GCC_PREPROCESSOR_DEFINITIONS = (
					"DEBUG=1",
					"$(inherited)",
				);
				GCC_WARN_64_TO_32_BIT_CONVERSION = YES;
				GCC_WARN_ABOUT_RETURN_TYPE = YES_ERROR;
				GCC_WARN_UNDECLARED_SELECTOR = YES;
				GCC_WARN_UNINITIALIZED_AUTOS = YES_AGGRESSIVE;
				GCC_WARN_UNUSED_FUNCTION = YES;
				GCC_WARN_UNUSED_VARIABLE = YES;
				MACOSX_DEPLOYMENT_TARGET = 10.12;
				MTL_ENABLE_DEBUG_INFO = YES;
				ONLY_ACTIVE_ARCH = YES;
				SDKROOT = macosx;
			};
			name = Debug;
		};
		B66F9DFD1F7AB888002AF54D /* Release */ = {
			isa = XCBuildConfiguration;
			buildSettings = {
				ALWAYS_SEARCH_USER_PATHS = NO;
				CLANG_ANALYZER_NONNULL = YES;
				CLANG_ANALYZER_NUMBER_OBJECT_CONVERSION = YES_AGGRESSIVE;
				CLANG_CXX_LANGUAGE_STANDARD = "gnu++14";
				CLANG_CXX_LIBRARY = "libc++";
				CLANG_ENABLE_MODULES = YES;
				CLANG_ENABLE_OBJC_ARC = YES;
				CLANG_WARN_BLOCK_CAPTURE_AUTORELEASING = YES;
				CLANG_WARN_BOOL_CONVERSION = YES;
				CLANG_WARN_COMMA = YES;
				CLANG_WARN_CONSTANT_CONVERSION = YES;
				CLANG_WARN_DIRECT_OBJC_ISA_USAGE = YES_ERROR;
				CLANG_WARN_DOCUMENTATION_COMMENTS = YES;
				CLANG_WARN_EMPTY_BODY = YES;
				CLANG_WARN_ENUM_CONVERSION = YES;
				CLANG_WARN_INFINITE_RECURSION = YES;
				CLANG_WARN_INT_CONVERSION = YES;
				CLANG_WARN_NON_LITERAL_NULL_CONVERSION = YES;
				CLANG_WARN_OBJC_LITERAL_CONVERSION = YES;
				CLANG_WARN_OBJC_ROOT_CLASS = YES_ERROR;
				CLANG_WARN_RANGE_LOOP_ANALYSIS = YES;
				CLANG_WARN_STRICT_PROTOTYPES = YES;
				CLANG_WARN_SUSPICIOUS_MOVE = YES;
				CLANG_WARN_UNGUARDED_AVAILABILITY = YES_AGGRESSIVE;
				CLANG_WARN_UNREACHABLE_CODE = YES;
				CLANG_WARN__DUPLICATE_METHOD_MATCH = YES;
				CODE_SIGN_IDENTITY = "Mac Developer";
				COPY_PHASE_STRIP = NO;
				DEBUG_INFORMATION_FORMAT = "dwarf-with-dsym";
				ENABLE_NS_ASSERTIONS = NO;
				ENABLE_STRICT_OBJC_MSGSEND = YES;
				GCC_C_LANGUAGE_STANDARD = gnu11;
				GCC_NO_COMMON_BLOCKS = YES;
				GCC_WARN_64_TO_32_BIT_CONVERSION = YES;
				GCC_WARN_ABOUT_RETURN_TYPE = YES_ERROR;
				GCC_WARN_UNDECLARED_SELECTOR = YES;
				GCC_WARN_UNINITIALIZED_AUTOS = YES_AGGRESSIVE;
				GCC_WARN_UNUSED_FUNCTION = YES;
				GCC_WARN_UNUSED_VARIABLE = YES;
				MACOSX_DEPLOYMENT_TARGET = 10.12;
				MTL_ENABLE_DEBUG_INFO = NO;
				SDKROOT = macosx;
			};
			name = Release;
		};
		B66F9DFF1F7AB888002AF54D /* Debug */ = {
			isa = XCBuildConfiguration;
			buildSettings = {
				CLANG_ENABLE_OBJC_ARC = NO;
				CLANG_WARN_DOCUMENTATION_COMMENTS = NO;
				CODE_SIGN_STYLE = Automatic;
				DEVELOPMENT_TEAM = GH4YBKBN58;
				GCC_WARN_UNUSED_FUNCTION = YES;
				GCC_WARN_UNUSED_VALUE = YES;
				GCC_WARN_UNUSED_VARIABLE = YES;
				HEADER_SEARCH_PATHS = (
					"$(SRCROOT)/../libs/osx/glfw/include",
					"$(SRCROOT)/../libs/common/imgui",
					"$(SRCROOT)/../libs/common/lua-imgui",
					"$(SRCROOT)/../libs/common/lua-5.3.4",
					"$(SRCROOT)/../libs/common/nativefiledialog",
				);
				LIBRARY_SEARCH_PATHS = "$(SRCROOT)/../libs/osx/glfw/lib";
				OTHER_LDFLAGS = "-lglfw3";
				PRODUCT_NAME = "$(TARGET_NAME)";
			};
			name = Debug;
		};
		B66F9E001F7AB888002AF54D /* Release */ = {
			isa = XCBuildConfiguration;
			buildSettings = {
				CLANG_ENABLE_OBJC_ARC = NO;
				CLANG_WARN_DOCUMENTATION_COMMENTS = NO;
				CODE_SIGN_STYLE = Automatic;
				DEVELOPMENT_TEAM = GH4YBKBN58;
				GCC_WARN_UNUSED_FUNCTION = YES;
				GCC_WARN_UNUSED_VALUE = YES;
				GCC_WARN_UNUSED_VARIABLE = YES;
				HEADER_SEARCH_PATHS = (
					"$(SRCROOT)/../libs/osx/glfw/include",
					"$(SRCROOT)/../libs/common/imgui",
					"$(SRCROOT)/../libs/common/lua-imgui",
					"$(SRCROOT)/../libs/common/lua-5.3.4",
					"$(SRCROOT)/../libs/common/nativefiledialog",
				);
				LIBRARY_SEARCH_PATHS = "$(SRCROOT)/../libs/osx/glfw/lib";
				OTHER_LDFLAGS = "-lglfw3";
				PRODUCT_NAME = "$(TARGET_NAME)";
			};
			name = Release;
		};
/* End XCBuildConfiguration section */

/* Begin XCConfigurationList section */
		B66F9DF21F7AB888002AF54D /* Build configuration list for PBXProject "seal2d-gt" */ = {
			isa = XCConfigurationList;
			buildConfigurations = (
				B66F9DFC1F7AB888002AF54D /* Debug */,
				B66F9DFD1F7AB888002AF54D /* Release */,
			);
			defaultConfigurationIsVisible = 0;
			defaultConfigurationName = Release;
		};
		B66F9DFE1F7AB888002AF54D /* Build configuration list for PBXNativeTarget "seal2d-gt" */ = {
			isa = XCConfigurationList;
			buildConfigurations = (
				B66F9DFF1F7AB888002AF54D /* Debug */,
				B66F9E001F7AB888002AF54D /* Release */,
			);
			defaultConfigurationIsVisible = 0;
			defaultConfigurationName = Release;
		};
/* End XCConfigurationList section */
	};
	rootObject = B66F9DEF1F7AB888002AF54D /* Project object */;
}
